{
  "version": 4,
  "terraform_version": "1.14.3",
  "serial": 324,
  "lineage": "850124c6-03bc-7ad2-7413-676dd6ff7d7a",
  "outputs": {
    "azs": {
      "value": [
        "eu-west-1a",
        "eu-west-1b"
      ],
      "type": [
        "list",
        "string"
      ]
    },
    "nat_gateway_ids": {
      "value": {
        "a": "nat-02bef655d6703ae03",
        "b": "nat-0ec684cded7b32a36"
      },
      "type": [
        "object",
        {
          "a": "string",
          "b": "string"
        }
      ]
    },
    "private_subnet_ids": {
      "value": [
        "subnet-062e6122cfa845700",
        "subnet-0178af2a6fe1840a5"
      ],
      "type": [
        "tuple",
        [
          "string",
          "string"
        ]
      ]
    },
    "public_subnet_ids": {
      "value": [
        "subnet-0d72e352afbfa02b1",
        "subnet-037c154f6d1c82c0d"
      ],
      "type": [
        "tuple",
        [
          "string",
          "string"
        ]
      ]
    },
    "security_groups": {
      "value": {
        "db_sg": "sg-06c7f953acaf5bc18",
        "web_sg": "sg-0db14ca4abd943707"
      },
      "type": [
        "object",
        {
          "db_sg": "string",
          "web_sg": "string"
        }
      ]
    },
    "vpc_id": {
      "value": "vpc-03799ab2788022c6b",
      "type": "string"
    },
    "web_private_ip": {
      "value": "10.30.11.124",
      "type": "string"
    }
  },
  "resources": [
    {
      "module": "module.network",
      "mode": "data",
      "type": "aws_ami",
      "name": "ubuntu",
      "provider": "provider[\"registry.terraform.io/hashicorp/aws\"]",
      "instances": [
        {
          "schema_version": 0,
          "attributes": {
            "allow_unsafe_filter": null,
            "architecture": "x86_64",
            "arn": "arn:aws:ec2:eu-west-1::image/ami-03446a3af42c5e74e",
            "block_device_mappings": [
              {
                "device_name": "/dev/sda1",
                "ebs": {
                  "delete_on_termination": "true",
                  "encrypted": "false",
                  "iops": "0",
                  "snapshot_id": "snap-0a69ff4df479c5174",
                  "throughput": "0",
                  "volume_initialization_rate": "0",
                  "volume_size": "8",
                  "volume_type": "gp3"
                },
                "no_device": "",
                "virtual_name": ""
              },
              {
                "device_name": "/dev/sdb",
                "ebs": {},
                "no_device": "",
                "virtual_name": "ephemeral0"
              },
              {
                "device_name": "/dev/sdc",
                "ebs": {},
                "no_device": "",
                "virtual_name": "ephemeral1"
              }
            ],
            "boot_mode": "uefi-preferred",
            "creation_date": "2025-12-12T10:47:34.000Z",
            "deprecation_time": "2027-12-12T10:47:34.000Z",
            "description": "Canonical, Ubuntu, 24.04, amd64 noble image",
            "ena_support": true,
            "executable_users": null,
            "filter": [
              {
                "name": "name",
                "values": [
                  "ubuntu/images/hvm-ssd-gp3/ubuntu-noble-24.04-amd64-server-*"
                ]
              },
              {
                "name": "virtualization-type",
                "values": [
                  "hvm"
                ]
              }
            ],
            "hypervisor": "xen",
            "id": "ami-03446a3af42c5e74e",
            "image_id": "ami-03446a3af42c5e74e",
            "image_location": "amazon/ubuntu/images/hvm-ssd-gp3/ubuntu-noble-24.04-amd64-server-20251212",
            "image_owner_alias": "amazon",
            "image_type": "machine",
            "imds_support": "v2.0",
            "include_deprecated": false,
            "kernel_id": "",
            "last_launched_time": "",
            "most_recent": true,
            "name": "ubuntu/images/hvm-ssd-gp3/ubuntu-noble-24.04-amd64-server-20251212",
            "name_regex": null,
            "owner_id": "099720109477",
            "owners": [
              "099720109477"
            ],
            "platform": "",
            "platform_details": "Linux/UNIX",
            "product_codes": [],
            "public": true,
            "ramdisk_id": "",
            "region": "eu-west-1",
            "root_device_name": "/dev/sda1",
            "root_device_type": "ebs",
            "root_snapshot_id": "snap-0a69ff4df479c5174",
            "sriov_net_support": "simple",
            "state": "available",
            "state_reason": {
              "code": "UNSET",
              "message": "UNSET"
            },
            "tags": {},
            "timeouts": null,
            "tpm_support": "",
            "uefi_data": null,
            "usage_operation": "RunInstances",
            "virtualization_type": "hvm"
          },
          "sensitive_attributes": [],
          "identity_schema_version": 0
        }
      ]
    },
    {
      "module": "module.network",
      "mode": "data",
      "type": "aws_availability_zones",
      "name": "available",
      "provider": "provider[\"registry.terraform.io/hashicorp/aws\"]",
      "instances": [
        {
          "schema_version": 0,
          "attributes": {
            "all_availability_zones": null,
            "exclude_names": null,
            "exclude_zone_ids": null,
            "filter": null,
            "group_names": [
              "eu-west-1-zg-1"
            ],
            "id": "eu-west-1",
            "names": [
              "eu-west-1a",
              "eu-west-1b",
              "eu-west-1c"
            ],
            "region": "eu-west-1",
            "state": "available",
            "timeouts": null,
            "zone_ids": [
              "euw1-az2",
              "euw1-az3",
              "euw1-az1"
            ]
          },
          "sensitive_attributes": [],
          "identity_schema_version": 0
        }
      ]
    },
    {
      "module": "module.network",
      "mode": "managed",
      "type": "aws_eip",
      "name": "nat",
      "provider": "provider[\"registry.terraform.io/hashicorp/aws\"]",
      "instances": [
        {
          "index_key": "a",
          "schema_version": 0,
          "attributes": {
            "address": null,
            "allocation_id": "eipalloc-05462439f3c765c05",
            "arn": "arn:aws:ec2:eu-west-1:179151669003:elastic-ip/eipalloc-05462439f3c765c05",
            "associate_with_private_ip": null,
            "association_id": "",
            "carrier_ip": "",
            "customer_owned_ip": "",
            "customer_owned_ipv4_pool": "",
            "domain": "vpc",
            "id": "eipalloc-05462439f3c765c05",
            "instance": "",
            "ipam_pool_id": null,
            "network_border_group": "eu-west-1",
            "network_interface": "",
            "private_dns": null,
            "private_ip": "",
            "ptr_record": "",
            "public_dns": "ec2-52-31-140-188.eu-west-1.compute.amazonaws.com",
            "public_ip": "52.31.140.188",
            "public_ipv4_pool": "amazon",
            "region": "eu-west-1",
            "tags": {
              "Environment": "full",
              "Name": "lab44-nat_eip-a",
              "Project": "lab44"
            },
            "tags_all": {
              "Environment": "full",
              "Name": "lab44-nat_eip-a",
              "Project": "lab44"
            },
            "timeouts": null
          },
          "sensitive_attributes": [],
          "identity_schema_version": 0,
          "private": "eyJlMmJmYjczMC1lY2FhLTExZTYtOGY4OC0zNDM2M2JjN2M0YzAiOnsiZGVsZXRlIjoxODAwMDAwMDAwMDAsInJlYWQiOjkwMDAwMDAwMDAwMCwidXBkYXRlIjozMDAwMDAwMDAwMDB9fQ==",
          "dependencies": [
            "module.network.data.aws_availability_zones.available"
          ]
        },
        {
          "index_key": "b",
          "schema_version": 0,
          "attributes": {
            "address": null,
            "allocation_id": "eipalloc-0348fa50a65501bce",
            "arn": "arn:aws:ec2:eu-west-1:179151669003:elastic-ip/eipalloc-0348fa50a65501bce",
            "associate_with_private_ip": null,
            "association_id": "",
            "carrier_ip": "",
            "customer_owned_ip": "",
            "customer_owned_ipv4_pool": "",
            "domain": "vpc",
            "id": "eipalloc-0348fa50a65501bce",
            "instance": "",
            "ipam_pool_id": null,
            "network_border_group": "eu-west-1",
            "network_interface": "",
            "private_dns": null,
            "private_ip": "",
            "ptr_record": "",
            "public_dns": "ec2-99-81-41-145.eu-west-1.compute.amazonaws.com",
            "public_ip": "99.81.41.145",
            "public_ipv4_pool": "amazon",
            "region": "eu-west-1",
            "tags": {
              "Environment": "full",
              "Name": "lab44-nat_eip-b",
              "Project": "lab44"
            },
            "tags_all": {
              "Environment": "full",
              "Name": "lab44-nat_eip-b",
              "Project": "lab44"
            },
            "timeouts": null
          },
          "sensitive_attributes": [],
          "identity_schema_version": 0,
          "private": "eyJlMmJmYjczMC1lY2FhLTExZTYtOGY4OC0zNDM2M2JjN2M0YzAiOnsiZGVsZXRlIjoxODAwMDAwMDAwMDAsInJlYWQiOjkwMDAwMDAwMDAwMCwidXBkYXRlIjozMDAwMDAwMDAwMDB9fQ==",
          "dependencies": [
            "module.network.data.aws_availability_zones.available"
          ]
        }
      ]
    },
    {
      "module": "module.network",
      "mode": "managed",
      "type": "aws_iam_instance_profile",
      "name": "ec2_ssm_instance_profile",
      "provider": "provider[\"registry.terraform.io/hashicorp/aws\"]",
      "instances": [
        {
          "schema_version": 0,
          "attributes": {
            "arn": "arn:aws:iam::179151669003:instance-profile/lab44-ec2-ssm-instance-profile",
            "create_date": "2026-01-11T21:57:12Z",
            "id": "lab44-ec2-ssm-instance-profile",
            "name": "lab44-ec2-ssm-instance-profile",
            "name_prefix": "",
            "path": "/",
            "role": "lab44-ec2-ssm-role",
            "tags": null,
            "tags_all": {},
            "unique_id": "AIPASTNSFQ4FSYTYCK3NM"
          },
          "sensitive_attributes": [],
          "identity_schema_version": 0,
          "private": "bnVsbA==",
          "dependencies": [
            "module.network.aws_iam_role.ec2_ssm_role"
          ]
        }
      ]
    },
    {
      "module": "module.network",
      "mode": "managed",
      "type": "aws_iam_role",
      "name": "ec2_ssm_role",
      "provider": "provider[\"registry.terraform.io/hashicorp/aws\"]",
      "instances": [
        {
          "schema_version": 0,
          "attributes": {
            "arn": "arn:aws:iam::179151669003:role/lab44-ec2-ssm-role",
            "assume_role_policy": "{\"Statement\":[{\"Action\":\"sts:AssumeRole\",\"Effect\":\"Allow\",\"Principal\":{\"Service\":\"ec2.amazonaws.com\"}}],\"Version\":\"2012-10-17\"}",
            "create_date": "2026-01-11T21:57:11Z",
            "description": "",
            "force_detach_policies": false,
            "id": "lab44-ec2-ssm-role",
            "inline_policy": [],
            "managed_policy_arns": [],
            "max_session_duration": 3600,
            "name": "lab44-ec2-ssm-role",
            "name_prefix": "",
            "path": "/",
            "permissions_boundary": "",
            "tags": null,
            "tags_all": {},
            "unique_id": "AROASTNSFQ4FX7XCC3AJR"
          },
          "sensitive_attributes": [],
          "identity_schema_version": 0,
          "identity": {
            "account_id": "179151669003",
            "name": "lab44-ec2-ssm-role"
          },
          "private": "bnVsbA=="
        }
      ]
    },
    {
      "module": "module.network",
      "mode": "managed",
      "type": "aws_iam_role_policy_attachment",
      "name": "ec2_ssm_role_attach",
      "provider": "provider[\"registry.terraform.io/hashicorp/aws\"]",
      "instances": [
        {
          "schema_version": 0,
          "attributes": {
            "id": "lab44-ec2-ssm-role/arn:aws:iam::aws:policy/AmazonSSMManagedInstanceCore",
            "policy_arn": "arn:aws:iam::aws:policy/AmazonSSMManagedInstanceCore",
            "role": "lab44-ec2-ssm-role"
          },
          "sensitive_attributes": [],
          "identity_schema_version": 0,
          "identity": {
            "account_id": "179151669003",
            "policy_arn": "arn:aws:iam::aws:policy/AmazonSSMManagedInstanceCore",
            "role": "lab44-ec2-ssm-role"
          },
          "private": "bnVsbA==",
          "dependencies": [
            "module.network.aws_iam_role.ec2_ssm_role"
          ]
        }
      ]
    },
    {
      "module": "module.network",
      "mode": "managed",
      "type": "aws_instance",
      "name": "web",
      "provider": "provider[\"registry.terraform.io/hashicorp/aws\"]",
      "instances": [
        {
          "schema_version": 2,
          "attributes": {
            "ami": "ami-03446a3af42c5e74e",
            "arn": "arn:aws:ec2:eu-west-1:179151669003:instance/i-04d5021be82750ca0",
            "associate_public_ip_address": false,
            "availability_zone": "eu-west-1a",
            "capacity_reservation_specification": [
              {
                "capacity_reservation_preference": "open",
                "capacity_reservation_target": []
              }
            ],
            "cpu_options": [
              {
                "amd_sev_snp": "",
                "core_count": 1,
                "threads_per_core": 2
              }
            ],
            "credit_specification": [
              {
                "cpu_credits": "unlimited"
              }
            ],
            "disable_api_stop": false,
            "disable_api_termination": false,
            "ebs_block_device": [],
            "ebs_optimized": false,
            "enable_primary_ipv6": null,
            "enclave_options": [
              {
                "enabled": false
              }
            ],
            "ephemeral_block_device": [],
            "force_destroy": false,
            "get_password_data": false,
            "hibernation": false,
            "host_id": "",
            "host_resource_group_arn": null,
            "iam_instance_profile": "lab44-ec2-ssm-instance-profile",
            "id": "i-04d5021be82750ca0",
            "instance_initiated_shutdown_behavior": "stop",
            "instance_lifecycle": "",
            "instance_market_options": [],
            "instance_state": "running",
            "instance_type": "t3.micro",
            "ipv6_address_count": 0,
            "ipv6_addresses": [],
            "key_name": "",
            "launch_template": [],
            "maintenance_options": [
              {
                "auto_recovery": "default"
              }
            ],
            "metadata_options": [
              {
                "http_endpoint": "enabled",
                "http_protocol_ipv6": "disabled",
                "http_put_response_hop_limit": 2,
                "http_tokens": "required",
                "instance_metadata_tags": "disabled"
              }
            ],
            "monitoring": false,
            "network_interface": [],
            "outpost_arn": "",
            "password_data": "",
            "placement_group": "",
            "placement_group_id": "",
            "placement_partition_number": 0,
            "primary_network_interface": [
              {
                "delete_on_termination": true,
                "network_interface_id": "eni-0c7bc87e01e3fe22c"
              }
            ],
            "primary_network_interface_id": "eni-0c7bc87e01e3fe22c",
            "private_dns": "ip-10-30-11-124.eu-west-1.compute.internal",
            "private_dns_name_options": [
              {
                "enable_resource_name_dns_a_record": false,
                "enable_resource_name_dns_aaaa_record": false,
                "hostname_type": "ip-name"
              }
            ],
            "private_ip": "10.30.11.124",
            "public_dns": "",
            "public_ip": "",
            "region": "eu-west-1",
            "root_block_device": [
              {
                "delete_on_termination": true,
                "device_name": "/dev/sda1",
                "encrypted": false,
                "iops": 3000,
                "kms_key_id": "",
                "tags": {},
                "tags_all": {},
                "throughput": 125,
                "volume_id": "vol-01fe7d830a6eafce5",
                "volume_size": 8,
                "volume_type": "gp3"
              }
            ],
            "secondary_private_ips": [],
            "security_groups": [],
            "source_dest_check": true,
            "spot_instance_request_id": "",
            "subnet_id": "subnet-062e6122cfa845700",
            "tags": {
              "Environment": "full",
              "Name": "lab44-web",
              "Project": "lab44",
              "Role": "web"
            },
            "tags_all": {
              "Environment": "full",
              "Name": "lab44-web",
              "Project": "lab44",
              "Role": "web"
            },
            "tenancy": "default",
            "timeouts": null,
            "user_data": "#!/usr/bin/env bash\nset -Eeuo pipefail\n\nLOG=/var/log/user-data.log\nexec \u003e \u003e(tee -a \"$LOG\" | logger -t user-data -s 2\u003e/dev/console) 2\u003e\u00261\necho \"Starting user-data script at $(date -u)\"\n\n# --- Base packages\napt-get update -y\napt-get install -y nginx curl ca-certificates jq\n\necho \"lab44 web: $(hostname) $(date -u)\" \u003e /var/www/html/index.html\nsystemctl enable --now nginx\n\nAWS_REGION=\"eu-west-1\"\n\n# Install SSM Agent (official.deb)\nif ! command -v amazon-ssm-agent \u003e/dev/null 2\u003e\u00261; then\n  echo \"Installing amazon-ssm-agent (official deb)\"\n  TMP=\"/tmp/amazon-ssm-agent.deb\"\n  curl -fsSL \\\n    \"https://s3.${AWS_REGION}.amazonaws.com/amazon-ssm-${AWS_REGION}/latest/debian_amd64/amazon-ssm-agent.deb\" \\\n    -o \"$TMP\"\n\n  dpkg -i \"$TMP\" || apt-get -f install -y\nfi\n\necho \"enabling amazon-ssm-agent\"\nsystemctl enable --now snap.amazon-ssm-agent.amazon-ssm-agent.service || true\n\necho \"amazon-ssm-agent status:\"\nsystemctl status snap.amazon-ssm-agent.amazon-ssm-agent.service || true\n",
            "user_data_base64": null,
            "user_data_replace_on_change": true,
            "volume_tags": null,
            "vpc_security_group_ids": [
              "sg-0db14ca4abd943707"
            ]
          },
          "sensitive_attributes": [],
          "identity_schema_version": 0,
          "identity": {
            "account_id": "179151669003",
            "id": "i-04d5021be82750ca0",
            "region": "eu-west-1"
          },
          "private": "eyJlMmJmYjczMC1lY2FhLTExZTYtOGY4OC0zNDM2M2JjN2M0YzAiOnsiY3JlYXRlIjo2MDAwMDAwMDAwMDAsImRlbGV0ZSI6MTIwMDAwMDAwMDAwMCwicmVhZCI6OTAwMDAwMDAwMDAwLCJ1cGRhdGUiOjYwMDAwMDAwMDAwMH0sInNjaGVtYV92ZXJzaW9uIjoiMiJ9",
          "dependencies": [
            "module.network.aws_iam_instance_profile.ec2_ssm_instance_profile",
            "module.network.aws_iam_role.ec2_ssm_role",
            "module.network.aws_security_group.web",
            "module.network.aws_subnet.private_subnet",
            "module.network.aws_vpc.main",
            "module.network.data.aws_ami.ubuntu",
            "module.network.data.aws_availability_zones.available"
          ]
        }
      ]
    },
    {
      "module": "module.network",
      "mode": "managed",
      "type": "aws_internet_gateway",
      "name": "igw",
      "provider": "provider[\"registry.terraform.io/hashicorp/aws\"]",
      "instances": [
        {
          "schema_version": 0,
          "attributes": {
            "arn": "arn:aws:ec2:eu-west-1:179151669003:internet-gateway/igw-068585fa54c4e377d",
            "id": "igw-068585fa54c4e377d",
            "owner_id": "179151669003",
            "region": "eu-west-1",
            "tags": {
              "Environment": "full",
              "Name": "lab44-igw",
              "Project": "lab44"
            },
            "tags_all": {
              "Environment": "full",
              "Name": "lab44-igw",
              "Project": "lab44"
            },
            "timeouts": null,
            "vpc_id": "vpc-03799ab2788022c6b"
          },
          "sensitive_attributes": [],
          "identity_schema_version": 0,
          "private": "eyJlMmJmYjczMC1lY2FhLTExZTYtOGY4OC0zNDM2M2JjN2M0YzAiOnsiY3JlYXRlIjoxMjAwMDAwMDAwMDAwLCJkZWxldGUiOjEyMDAwMDAwMDAwMDAsInVwZGF0ZSI6MTIwMDAwMDAwMDAwMH19",
          "dependencies": [
            "module.network.aws_vpc.main"
          ]
        }
      ]
    },
    {
      "module": "module.network",
      "mode": "managed",
      "type": "aws_nat_gateway",
      "name": "nat_gw",
      "provider": "provider[\"registry.terraform.io/hashicorp/aws\"]",
      "instances": [
        {
          "index_key": "a",
          "schema_version": 0,
          "attributes": {
            "allocation_id": "eipalloc-05462439f3c765c05",
            "association_id": "eipassoc-0b55a4a503366dd7c",
            "auto_provision_zones": null,
            "auto_scaling_ips": null,
            "availability_mode": "zonal",
            "availability_zone_address": [],
            "connectivity_type": "public",
            "id": "nat-02bef655d6703ae03",
            "network_interface_id": "eni-097a60a5665c9ba96",
            "private_ip": "10.30.1.130",
            "public_ip": "52.31.140.188",
            "region": "eu-west-1",
            "regional_nat_gateway_address": [],
            "regional_nat_gateway_auto_mode": null,
            "route_table_id": null,
            "secondary_allocation_ids": [],
            "secondary_private_ip_address_count": 0,
            "secondary_private_ip_addresses": [],
            "subnet_id": "subnet-0d72e352afbfa02b1",
            "tags": {
              "Environment": "full",
              "Name": "lab44-nat_gw-a",
              "Project": "lab44"
            },
            "tags_all": {
              "Environment": "full",
              "Name": "lab44-nat_gw-a",
              "Project": "lab44"
            },
            "timeouts": null,
            "vpc_id": "vpc-03799ab2788022c6b"
          },
          "sensitive_attributes": [],
          "identity_schema_version": 0,
          "private": "eyJlMmJmYjczMC1lY2FhLTExZTYtOGY4OC0zNDM2M2JjN2M0YzAiOnsiY3JlYXRlIjo2MDAwMDAwMDAwMDAsImRlbGV0ZSI6MTgwMDAwMDAwMDAwMCwidXBkYXRlIjo2MDAwMDAwMDAwMDB9fQ==",
          "dependencies": [
            "module.network.aws_eip.nat",
            "module.network.aws_internet_gateway.igw",
            "module.network.aws_route_table.public_rt",
            "module.network.aws_route_table_association.public_subnet_assoc",
            "module.network.aws_subnet.public_subnet",
            "module.network.aws_vpc.main",
            "module.network.data.aws_availability_zones.available"
          ]
        },
        {
          "index_key": "b",
          "schema_version": 0,
          "attributes": {
            "allocation_id": "eipalloc-0348fa50a65501bce",
            "association_id": "eipassoc-0c740b09d1a5d5a09",
            "auto_provision_zones": null,
            "auto_scaling_ips": null,
            "availability_mode": "zonal",
            "availability_zone_address": [],
            "connectivity_type": "public",
            "id": "nat-0ec684cded7b32a36",
            "network_interface_id": "eni-0b896483aefa22c8b",
            "private_ip": "10.30.2.212",
            "public_ip": "99.81.41.145",
            "region": "eu-west-1",
            "regional_nat_gateway_address": [],
            "regional_nat_gateway_auto_mode": null,
            "route_table_id": null,
            "secondary_allocation_ids": [],
            "secondary_private_ip_address_count": 0,
            "secondary_private_ip_addresses": [],
            "subnet_id": "subnet-037c154f6d1c82c0d",
            "tags": {
              "Environment": "full",
              "Name": "lab44-nat_gw-b",
              "Project": "lab44"
            },
            "tags_all": {
              "Environment": "full",
              "Name": "lab44-nat_gw-b",
              "Project": "lab44"
            },
            "timeouts": null,
            "vpc_id": "vpc-03799ab2788022c6b"
          },
          "sensitive_attributes": [],
          "identity_schema_version": 0,
          "private": "eyJlMmJmYjczMC1lY2FhLTExZTYtOGY4OC0zNDM2M2JjN2M0YzAiOnsiY3JlYXRlIjo2MDAwMDAwMDAwMDAsImRlbGV0ZSI6MTgwMDAwMDAwMDAwMCwidXBkYXRlIjo2MDAwMDAwMDAwMDB9fQ==",
          "dependencies": [
            "module.network.aws_eip.nat",
            "module.network.aws_internet_gateway.igw",
            "module.network.aws_route_table.public_rt",
            "module.network.aws_route_table_association.public_subnet_assoc",
            "module.network.aws_subnet.public_subnet",
            "module.network.aws_vpc.main",
            "module.network.data.aws_availability_zones.available"
          ]
        }
      ]
    },
    {
      "module": "module.network",
      "mode": "managed",
      "type": "aws_route_table",
      "name": "private_rt",
      "provider": "provider[\"registry.terraform.io/hashicorp/aws\"]",
      "instances": [
        {
          "index_key": "a",
          "schema_version": 0,
          "attributes": {
            "arn": "arn:aws:ec2:eu-west-1:179151669003:route-table/rtb-0d8534c95d9ee24bf",
            "id": "rtb-0d8534c95d9ee24bf",
            "owner_id": "179151669003",
            "propagating_vgws": [],
            "region": "eu-west-1",
            "route": [
              {
                "carrier_gateway_id": "",
                "cidr_block": "0.0.0.0/0",
                "core_network_arn": "",
                "destination_prefix_list_id": "",
                "egress_only_gateway_id": "",
                "gateway_id": "",
                "ipv6_cidr_block": "",
                "local_gateway_id": "",
                "nat_gateway_id": "nat-02bef655d6703ae03",
                "network_interface_id": "",
                "transit_gateway_id": "",
                "vpc_endpoint_id": "",
                "vpc_peering_connection_id": ""
              }
            ],
            "tags": {
              "Environment": "full",
              "Name": "lab44-private_rt-a",
              "Project": "lab44"
            },
            "tags_all": {
              "Environment": "full",
              "Name": "lab44-private_rt-a",
              "Project": "lab44"
            },
            "timeouts": null,
            "vpc_id": "vpc-03799ab2788022c6b"
          },
          "sensitive_attributes": [],
          "identity_schema_version": 0,
          "identity": {
            "account_id": "179151669003",
            "id": "rtb-0d8534c95d9ee24bf",
            "region": "eu-west-1"
          },
          "private": "eyJlMmJmYjczMC1lY2FhLTExZTYtOGY4OC0zNDM2M2JjN2M0YzAiOnsiY3JlYXRlIjozMDAwMDAwMDAwMDAsImRlbGV0ZSI6MzAwMDAwMDAwMDAwLCJ1cGRhdGUiOjEyMDAwMDAwMDAwMH19",
          "dependencies": [
            "module.network.aws_eip.nat",
            "module.network.aws_internet_gateway.igw",
            "module.network.aws_nat_gateway.nat_gw",
            "module.network.aws_route_table.public_rt",
            "module.network.aws_route_table_association.public_subnet_assoc",
            "module.network.aws_subnet.public_subnet",
            "module.network.aws_vpc.main",
            "module.network.data.aws_availability_zones.available"
          ]
        },
        {
          "index_key": "b",
          "schema_version": 0,
          "attributes": {
            "arn": "arn:aws:ec2:eu-west-1:179151669003:route-table/rtb-0266b4d4a51146865",
            "id": "rtb-0266b4d4a51146865",
            "owner_id": "179151669003",
            "propagating_vgws": [],
            "region": "eu-west-1",
            "route": [
              {
                "carrier_gateway_id": "",
                "cidr_block": "0.0.0.0/0",
                "core_network_arn": "",
                "destination_prefix_list_id": "",
                "egress_only_gateway_id": "",
                "gateway_id": "",
                "ipv6_cidr_block": "",
                "local_gateway_id": "",
                "nat_gateway_id": "nat-0ec684cded7b32a36",
                "network_interface_id": "",
                "transit_gateway_id": "",
                "vpc_endpoint_id": "",
                "vpc_peering_connection_id": ""
              }
            ],
            "tags": {
              "Environment": "full",
              "Name": "lab44-private_rt-b",
              "Project": "lab44"
            },
            "tags_all": {
              "Environment": "full",
              "Name": "lab44-private_rt-b",
              "Project": "lab44"
            },
            "timeouts": null,
            "vpc_id": "vpc-03799ab2788022c6b"
          },
          "sensitive_attributes": [],
          "identity_schema_version": 0,
          "identity": {
            "account_id": "179151669003",
            "id": "rtb-0266b4d4a51146865",
            "region": "eu-west-1"
          },
          "private": "eyJlMmJmYjczMC1lY2FhLTExZTYtOGY4OC0zNDM2M2JjN2M0YzAiOnsiY3JlYXRlIjozMDAwMDAwMDAwMDAsImRlbGV0ZSI6MzAwMDAwMDAwMDAwLCJ1cGRhdGUiOjEyMDAwMDAwMDAwMH19",
          "dependencies": [
            "module.network.aws_eip.nat",
            "module.network.aws_internet_gateway.igw",
            "module.network.aws_nat_gateway.nat_gw",
            "module.network.aws_route_table.public_rt",
            "module.network.aws_route_table_association.public_subnet_assoc",
            "module.network.aws_subnet.public_subnet",
            "module.network.aws_vpc.main",
            "module.network.data.aws_availability_zones.available"
          ]
        }
      ]
    },
    {
      "module": "module.network",
      "mode": "managed",
      "type": "aws_route_table",
      "name": "public_rt",
      "provider": "provider[\"registry.terraform.io/hashicorp/aws\"]",
      "instances": [
        {
          "schema_version": 0,
          "attributes": {
            "arn": "arn:aws:ec2:eu-west-1:179151669003:route-table/rtb-08db8ef53c3dbc87d",
            "id": "rtb-08db8ef53c3dbc87d",
            "owner_id": "179151669003",
            "propagating_vgws": [],
            "region": "eu-west-1",
            "route": [
              {
                "carrier_gateway_id": "",
                "cidr_block": "0.0.0.0/0",
                "core_network_arn": "",
                "destination_prefix_list_id": "",
                "egress_only_gateway_id": "",
                "gateway_id": "igw-068585fa54c4e377d",
                "ipv6_cidr_block": "",
                "local_gateway_id": "",
                "nat_gateway_id": "",
                "network_interface_id": "",
                "transit_gateway_id": "",
                "vpc_endpoint_id": "",
                "vpc_peering_connection_id": ""
              }
            ],
            "tags": {
              "Environment": "full",
              "Name": "lab44-public_rt",
              "Project": "lab44"
            },
            "tags_all": {
              "Environment": "full",
              "Name": "lab44-public_rt",
              "Project": "lab44"
            },
            "timeouts": null,
            "vpc_id": "vpc-03799ab2788022c6b"
          },
          "sensitive_attributes": [],
          "identity_schema_version": 0,
          "identity": {
            "account_id": "179151669003",
            "id": "rtb-08db8ef53c3dbc87d",
            "region": "eu-west-1"
          },
          "private": "eyJlMmJmYjczMC1lY2FhLTExZTYtOGY4OC0zNDM2M2JjN2M0YzAiOnsiY3JlYXRlIjozMDAwMDAwMDAwMDAsImRlbGV0ZSI6MzAwMDAwMDAwMDAwLCJ1cGRhdGUiOjEyMDAwMDAwMDAwMH19",
          "dependencies": [
            "module.network.aws_internet_gateway.igw",
            "module.network.aws_vpc.main"
          ]
        }
      ]
    },
    {
      "module": "module.network",
      "mode": "managed",
      "type": "aws_route_table_association",
      "name": "private_rt_assoc",
      "provider": "provider[\"registry.terraform.io/hashicorp/aws\"]",
      "instances": [
        {
          "index_key": "a",
          "schema_version": 0,
          "attributes": {
            "gateway_id": "",
            "id": "rtbassoc-05d42ba9065110bbb",
            "region": "eu-west-1",
            "route_table_id": "rtb-0d8534c95d9ee24bf",
            "subnet_id": "subnet-062e6122cfa845700",
            "timeouts": null
          },
          "sensitive_attributes": [],
          "identity_schema_version": 0,
          "private": "eyJlMmJmYjczMC1lY2FhLTExZTYtOGY4OC0zNDM2M2JjN2M0YzAiOnsiY3JlYXRlIjozMDAwMDAwMDAwMDAsImRlbGV0ZSI6MzAwMDAwMDAwMDAwLCJ1cGRhdGUiOjEyMDAwMDAwMDAwMH19",
          "dependencies": [
            "module.network.aws_eip.nat",
            "module.network.aws_internet_gateway.igw",
            "module.network.aws_nat_gateway.nat_gw",
            "module.network.aws_route_table.private_rt",
            "module.network.aws_route_table.public_rt",
            "module.network.aws_route_table_association.public_subnet_assoc",
            "module.network.aws_subnet.private_subnet",
            "module.network.aws_subnet.public_subnet",
            "module.network.aws_vpc.main",
            "module.network.data.aws_availability_zones.available"
          ]
        },
        {
          "index_key": "b",
          "schema_version": 0,
          "attributes": {
            "gateway_id": "",
            "id": "rtbassoc-096642aaa863751a2",
            "region": "eu-west-1",
            "route_table_id": "rtb-0266b4d4a51146865",
            "subnet_id": "subnet-0178af2a6fe1840a5",
            "timeouts": null
          },
          "sensitive_attributes": [],
          "identity_schema_version": 0,
          "private": "eyJlMmJmYjczMC1lY2FhLTExZTYtOGY4OC0zNDM2M2JjN2M0YzAiOnsiY3JlYXRlIjozMDAwMDAwMDAwMDAsImRlbGV0ZSI6MzAwMDAwMDAwMDAwLCJ1cGRhdGUiOjEyMDAwMDAwMDAwMH19",
          "dependencies": [
            "module.network.aws_eip.nat",
            "module.network.aws_internet_gateway.igw",
            "module.network.aws_nat_gateway.nat_gw",
            "module.network.aws_route_table.private_rt",
            "module.network.aws_route_table.public_rt",
            "module.network.aws_route_table_association.public_subnet_assoc",
            "module.network.aws_subnet.private_subnet",
            "module.network.aws_subnet.public_subnet",
            "module.network.aws_vpc.main",
            "module.network.data.aws_availability_zones.available"
          ]
        }
      ]
    },
    {
      "module": "module.network",
      "mode": "managed",
      "type": "aws_route_table_association",
      "name": "public_subnet_assoc",
      "provider": "provider[\"registry.terraform.io/hashicorp/aws\"]",
      "instances": [
        {
          "index_key": "a",
          "schema_version": 0,
          "attributes": {
            "gateway_id": "",
            "id": "rtbassoc-0842818a74678e5f6",
            "region": "eu-west-1",
            "route_table_id": "rtb-08db8ef53c3dbc87d",
            "subnet_id": "subnet-0d72e352afbfa02b1",
            "timeouts": null
          },
          "sensitive_attributes": [],
          "identity_schema_version": 0,
          "private": "eyJlMmJmYjczMC1lY2FhLTExZTYtOGY4OC0zNDM2M2JjN2M0YzAiOnsiY3JlYXRlIjozMDAwMDAwMDAwMDAsImRlbGV0ZSI6MzAwMDAwMDAwMDAwLCJ1cGRhdGUiOjEyMDAwMDAwMDAwMH19",
          "dependencies": [
            "module.network.aws_internet_gateway.igw",
            "module.network.aws_route_table.public_rt",
            "module.network.aws_subnet.public_subnet",
            "module.network.aws_vpc.main",
            "module.network.data.aws_availability_zones.available"
          ]
        },
        {
          "index_key": "b",
          "schema_version": 0,
          "attributes": {
            "gateway_id": "",
            "id": "rtbassoc-0792c64ff6c287267",
            "region": "eu-west-1",
            "route_table_id": "rtb-08db8ef53c3dbc87d",
            "subnet_id": "subnet-037c154f6d1c82c0d",
            "timeouts": null
          },
          "sensitive_attributes": [],
          "identity_schema_version": 0,
          "private": "eyJlMmJmYjczMC1lY2FhLTExZTYtOGY4OC0zNDM2M2JjN2M0YzAiOnsiY3JlYXRlIjozMDAwMDAwMDAwMDAsImRlbGV0ZSI6MzAwMDAwMDAwMDAwLCJ1cGRhdGUiOjEyMDAwMDAwMDAwMH19",
          "dependencies": [
            "module.network.aws_internet_gateway.igw",
            "module.network.aws_route_table.public_rt",
            "module.network.aws_subnet.public_subnet",
            "module.network.aws_vpc.main",
            "module.network.data.aws_availability_zones.available"
          ]
        }
      ]
    },
    {
      "module": "module.network",
      "mode": "managed",
      "type": "aws_security_group",
      "name": "db",
      "provider": "provider[\"registry.terraform.io/hashicorp/aws\"]",
      "instances": [
        {
          "schema_version": 1,
          "attributes": {
            "arn": "arn:aws:ec2:eu-west-1:179151669003:security-group/sg-06c7f953acaf5bc18",
            "description": "Allow DB from Web SG only",
            "egress": [
              {
                "cidr_blocks": [
                  "0.0.0.0/0"
                ],
                "description": "All outbound",
                "from_port": 0,
                "ipv6_cidr_blocks": [],
                "prefix_list_ids": [],
                "protocol": "-1",
                "security_groups": [],
                "self": false,
                "to_port": 0
              }
            ],
            "id": "sg-06c7f953acaf5bc18",
            "ingress": [
              {
                "cidr_blocks": [],
                "description": "Postgres from Web SG",
                "from_port": 5432,
                "ipv6_cidr_blocks": [],
                "prefix_list_ids": [],
                "protocol": "tcp",
                "security_groups": [
                  "sg-0db14ca4abd943707"
                ],
                "self": false,
                "to_port": 5432
              }
            ],
            "name": "lab44-db_sg",
            "name_prefix": "",
            "owner_id": "179151669003",
            "region": "eu-west-1",
            "revoke_rules_on_delete": false,
            "tags": {
              "Environment": "full",
              "Name": "lab44-db_sg",
              "Project": "lab44"
            },
            "tags_all": {
              "Environment": "full",
              "Name": "lab44-db_sg",
              "Project": "lab44"
            },
            "timeouts": null,
            "vpc_id": "vpc-03799ab2788022c6b"
          },
          "sensitive_attributes": [],
          "identity_schema_version": 0,
          "identity": {
            "account_id": "179151669003",
            "id": "sg-06c7f953acaf5bc18",
            "region": "eu-west-1"
          },
          "private": "eyJlMmJmYjczMC1lY2FhLTExZTYtOGY4OC0zNDM2M2JjN2M0YzAiOnsiY3JlYXRlIjo2MDAwMDAwMDAwMDAsImRlbGV0ZSI6OTAwMDAwMDAwMDAwfSwic2NoZW1hX3ZlcnNpb24iOiIxIn0=",
          "dependencies": [
            "module.network.aws_security_group.web",
            "module.network.aws_vpc.main"
          ]
        }
      ]
    },
    {
      "module": "module.network",
      "mode": "managed",
      "type": "aws_security_group",
      "name": "web",
      "provider": "provider[\"registry.terraform.io/hashicorp/aws\"]",
      "instances": [
        {
          "schema_version": 1,
          "attributes": {
            "arn": "arn:aws:ec2:eu-west-1:179151669003:security-group/sg-0db14ca4abd943707",
            "description": "Web service access only",
            "egress": [
              {
                "cidr_blocks": [
                  "0.0.0.0/0"
                ],
                "description": "All outbound",
                "from_port": 0,
                "ipv6_cidr_blocks": [],
                "prefix_list_ids": [],
                "protocol": "-1",
                "security_groups": [],
                "self": false,
                "to_port": 0
              }
            ],
            "id": "sg-0db14ca4abd943707",
            "ingress": [
              {
                "cidr_blocks": [
                  "0.0.0.0/0"
                ],
                "description": "HTTP 80 from anywhere",
                "from_port": 80,
                "ipv6_cidr_blocks": [],
                "prefix_list_ids": [],
                "protocol": "tcp",
                "security_groups": [],
                "self": false,
                "to_port": 80
              },
              {
                "cidr_blocks": [
                  "0.0.0.0/0"
                ],
                "description": "HTTPS 443 from anywhere",
                "from_port": 443,
                "ipv6_cidr_blocks": [],
                "prefix_list_ids": [],
                "protocol": "tcp",
                "security_groups": [],
                "self": false,
                "to_port": 443
              }
            ],
            "name": "lab44-web_sg",
            "name_prefix": "",
            "owner_id": "179151669003",
            "region": "eu-west-1",
            "revoke_rules_on_delete": false,
            "tags": {
              "Environment": "full",
              "Name": "lab44-web_sg",
              "Project": "lab44"
            },
            "tags_all": {
              "Environment": "full",
              "Name": "lab44-web_sg",
              "Project": "lab44"
            },
            "timeouts": null,
            "vpc_id": "vpc-03799ab2788022c6b"
          },
          "sensitive_attributes": [],
          "identity_schema_version": 0,
          "identity": {
            "account_id": "179151669003",
            "id": "sg-0db14ca4abd943707",
            "region": "eu-west-1"
          },
          "private": "eyJlMmJmYjczMC1lY2FhLTExZTYtOGY4OC0zNDM2M2JjN2M0YzAiOnsiY3JlYXRlIjo2MDAwMDAwMDAwMDAsImRlbGV0ZSI6OTAwMDAwMDAwMDAwfSwic2NoZW1hX3ZlcnNpb24iOiIxIn0=",
          "dependencies": [
            "module.network.aws_vpc.main"
          ]
        }
      ]
    },
    {
      "module": "module.network",
      "mode": "managed",
      "type": "aws_subnet",
      "name": "private_subnet",
      "provider": "provider[\"registry.terraform.io/hashicorp/aws\"]",
      "instances": [
        {
          "index_key": "a",
          "schema_version": 1,
          "attributes": {
            "arn": "arn:aws:ec2:eu-west-1:179151669003:subnet/subnet-062e6122cfa845700",
            "assign_ipv6_address_on_creation": false,
            "availability_zone": "eu-west-1a",
            "availability_zone_id": "euw1-az2",
            "cidr_block": "10.30.11.0/24",
            "customer_owned_ipv4_pool": "",
            "enable_dns64": false,
            "enable_lni_at_device_index": 0,
            "enable_resource_name_dns_a_record_on_launch": false,
            "enable_resource_name_dns_aaaa_record_on_launch": false,
            "id": "subnet-062e6122cfa845700",
            "ipv6_cidr_block": "",
            "ipv6_cidr_block_association_id": "",
            "ipv6_native": false,
            "map_customer_owned_ip_on_launch": false,
            "map_public_ip_on_launch": false,
            "outpost_arn": "",
            "owner_id": "179151669003",
            "private_dns_hostname_type_on_launch": "ip-name",
            "region": "eu-west-1",
            "tags": {
              "Environment": "full",
              "Name": "lab44-private_subnet-a",
              "Project": "lab44",
              "Tier": "private"
            },
            "tags_all": {
              "Environment": "full",
              "Name": "lab44-private_subnet-a",
              "Project": "lab44",
              "Tier": "private"
            },
            "timeouts": null,
            "vpc_id": "vpc-03799ab2788022c6b"
          },
          "sensitive_attributes": [],
          "identity_schema_version": 0,
          "identity": {
            "account_id": "179151669003",
            "id": "subnet-062e6122cfa845700",
            "region": "eu-west-1"
          },
          "private": "eyJlMmJmYjczMC1lY2FhLTExZTYtOGY4OC0zNDM2M2JjN2M0YzAiOnsiY3JlYXRlIjo2MDAwMDAwMDAwMDAsImRlbGV0ZSI6MTIwMDAwMDAwMDAwMH0sInNjaGVtYV92ZXJzaW9uIjoiMSJ9",
          "dependencies": [
            "module.network.aws_vpc.main",
            "module.network.data.aws_availability_zones.available"
          ]
        },
        {
          "index_key": "b",
          "schema_version": 1,
          "attributes": {
            "arn": "arn:aws:ec2:eu-west-1:179151669003:subnet/subnet-0178af2a6fe1840a5",
            "assign_ipv6_address_on_creation": false,
            "availability_zone": "eu-west-1b",
            "availability_zone_id": "euw1-az3",
            "cidr_block": "10.30.12.0/24",
            "customer_owned_ipv4_pool": "",
            "enable_dns64": false,
            "enable_lni_at_device_index": 0,
            "enable_resource_name_dns_a_record_on_launch": false,
            "enable_resource_name_dns_aaaa_record_on_launch": false,
            "id": "subnet-0178af2a6fe1840a5",
            "ipv6_cidr_block": "",
            "ipv6_cidr_block_association_id": "",
            "ipv6_native": false,
            "map_customer_owned_ip_on_launch": false,
            "map_public_ip_on_launch": false,
            "outpost_arn": "",
            "owner_id": "179151669003",
            "private_dns_hostname_type_on_launch": "ip-name",
            "region": "eu-west-1",
            "tags": {
              "Environment": "full",
              "Name": "lab44-private_subnet-b",
              "Project": "lab44",
              "Tier": "private"
            },
            "tags_all": {
              "Environment": "full",
              "Name": "lab44-private_subnet-b",
              "Project": "lab44",
              "Tier": "private"
            },
            "timeouts": null,
            "vpc_id": "vpc-03799ab2788022c6b"
          },
          "sensitive_attributes": [],
          "identity_schema_version": 0,
          "identity": {
            "account_id": "179151669003",
            "id": "subnet-0178af2a6fe1840a5",
            "region": "eu-west-1"
          },
          "private": "eyJlMmJmYjczMC1lY2FhLTExZTYtOGY4OC0zNDM2M2JjN2M0YzAiOnsiY3JlYXRlIjo2MDAwMDAwMDAwMDAsImRlbGV0ZSI6MTIwMDAwMDAwMDAwMH0sInNjaGVtYV92ZXJzaW9uIjoiMSJ9",
          "dependencies": [
            "module.network.aws_vpc.main",
            "module.network.data.aws_availability_zones.available"
          ]
        }
      ]
    },
    {
      "module": "module.network",
      "mode": "managed",
      "type": "aws_subnet",
      "name": "public_subnet",
      "provider": "provider[\"registry.terraform.io/hashicorp/aws\"]",
      "instances": [
        {
          "index_key": "a",
          "schema_version": 1,
          "attributes": {
            "arn": "arn:aws:ec2:eu-west-1:179151669003:subnet/subnet-0d72e352afbfa02b1",
            "assign_ipv6_address_on_creation": false,
            "availability_zone": "eu-west-1a",
            "availability_zone_id": "euw1-az2",
            "cidr_block": "10.30.1.0/24",
            "customer_owned_ipv4_pool": "",
            "enable_dns64": false,
            "enable_lni_at_device_index": 0,
            "enable_resource_name_dns_a_record_on_launch": false,
            "enable_resource_name_dns_aaaa_record_on_launch": false,
            "id": "subnet-0d72e352afbfa02b1",
            "ipv6_cidr_block": "",
            "ipv6_cidr_block_association_id": "",
            "ipv6_native": false,
            "map_customer_owned_ip_on_launch": false,
            "map_public_ip_on_launch": true,
            "outpost_arn": "",
            "owner_id": "179151669003",
            "private_dns_hostname_type_on_launch": "ip-name",
            "region": "eu-west-1",
            "tags": {
              "Environment": "full",
              "Name": "lab44-public_subnet-a",
              "Project": "lab44",
              "Tier": "public"
            },
            "tags_all": {
              "Environment": "full",
              "Name": "lab44-public_subnet-a",
              "Project": "lab44",
              "Tier": "public"
            },
            "timeouts": null,
            "vpc_id": "vpc-03799ab2788022c6b"
          },
          "sensitive_attributes": [],
          "identity_schema_version": 0,
          "identity": {
            "account_id": "179151669003",
            "id": "subnet-0d72e352afbfa02b1",
            "region": "eu-west-1"
          },
          "private": "eyJlMmJmYjczMC1lY2FhLTExZTYtOGY4OC0zNDM2M2JjN2M0YzAiOnsiY3JlYXRlIjo2MDAwMDAwMDAwMDAsImRlbGV0ZSI6MTIwMDAwMDAwMDAwMH0sInNjaGVtYV92ZXJzaW9uIjoiMSJ9",
          "dependencies": [
            "module.network.aws_vpc.main",
            "module.network.data.aws_availability_zones.available"
          ]
        },
        {
          "index_key": "b",
          "schema_version": 1,
          "attributes": {
            "arn": "arn:aws:ec2:eu-west-1:179151669003:subnet/subnet-037c154f6d1c82c0d",
            "assign_ipv6_address_on_creation": false,
            "availability_zone": "eu-west-1b",
            "availability_zone_id": "euw1-az3",
            "cidr_block": "10.30.2.0/24",
            "customer_owned_ipv4_pool": "",
            "enable_dns64": false,
            "enable_lni_at_device_index": 0,
            "enable_resource_name_dns_a_record_on_launch": false,
            "enable_resource_name_dns_aaaa_record_on_launch": false,
            "id": "subnet-037c154f6d1c82c0d",
            "ipv6_cidr_block": "",
            "ipv6_cidr_block_association_id": "",
            "ipv6_native": false,
            "map_customer_owned_ip_on_launch": false,
            "map_public_ip_on_launch": true,
            "outpost_arn": "",
            "owner_id": "179151669003",
            "private_dns_hostname_type_on_launch": "ip-name",
            "region": "eu-west-1",
            "tags": {
              "Environment": "full",
              "Name": "lab44-public_subnet-b",
              "Project": "lab44",
              "Tier": "public"
            },
            "tags_all": {
              "Environment": "full",
              "Name": "lab44-public_subnet-b",
              "Project": "lab44",
              "Tier": "public"
            },
            "timeouts": null,
            "vpc_id": "vpc-03799ab2788022c6b"
          },
          "sensitive_attributes": [],
          "identity_schema_version": 0,
          "identity": {
            "account_id": "179151669003",
            "id": "subnet-037c154f6d1c82c0d",
            "region": "eu-west-1"
          },
          "private": "eyJlMmJmYjczMC1lY2FhLTExZTYtOGY4OC0zNDM2M2JjN2M0YzAiOnsiY3JlYXRlIjo2MDAwMDAwMDAwMDAsImRlbGV0ZSI6MTIwMDAwMDAwMDAwMH0sInNjaGVtYV92ZXJzaW9uIjoiMSJ9",
          "dependencies": [
            "module.network.aws_vpc.main",
            "module.network.data.aws_availability_zones.available"
          ]
        }
      ]
    },
    {
      "module": "module.network",
      "mode": "managed",
      "type": "aws_vpc",
      "name": "main",
      "provider": "provider[\"registry.terraform.io/hashicorp/aws\"]",
      "instances": [
        {
          "schema_version": 1,
          "attributes": {
            "arn": "arn:aws:ec2:eu-west-1:179151669003:vpc/vpc-03799ab2788022c6b",
            "assign_generated_ipv6_cidr_block": false,
            "cidr_block": "10.30.0.0/16",
            "default_network_acl_id": "acl-0b8f7a36808588710",
            "default_route_table_id": "rtb-09c4f1161ce3ec55c",
            "default_security_group_id": "sg-000c0080ee6624b42",
            "dhcp_options_id": "dopt-0d3e33a46ba198995",
            "enable_dns_hostnames": true,
            "enable_dns_support": true,
            "enable_network_address_usage_metrics": false,
            "id": "vpc-03799ab2788022c6b",
            "instance_tenancy": "default",
            "ipv4_ipam_pool_id": null,
            "ipv4_netmask_length": null,
            "ipv6_association_id": "",
            "ipv6_cidr_block": "",
            "ipv6_cidr_block_network_border_group": "",
            "ipv6_ipam_pool_id": "",
            "ipv6_netmask_length": 0,
            "main_route_table_id": "rtb-09c4f1161ce3ec55c",
            "owner_id": "179151669003",
            "region": "eu-west-1",
            "tags": {
              "Environment": "full",
              "Name": "lab44-vpc",
              "Project": "lab44"
            },
            "tags_all": {
              "Environment": "full",
              "Name": "lab44-vpc",
              "Project": "lab44"
            }
          },
          "sensitive_attributes": [],
          "identity_schema_version": 0,
          "identity": {
            "account_id": "179151669003",
            "id": "vpc-03799ab2788022c6b",
            "region": "eu-west-1"
          },
          "private": "eyJzY2hlbWFfdmVyc2lvbiI6IjEifQ=="
        }
      ]
    }
  ],
  "check_results": null
}
