{
  "version": 4,
  "terraform_version": "1.14.3",
  "serial": 50,
  "lineage": "850124c6-03bc-7ad2-7413-676dd6ff7d7a",
  "outputs": {
    "azs": {
      "value": [
        "eu-west-1a",
        "eu-west-1b"
      ],
      "type": [
        "list",
        "string"
      ]
    },
    "bastion_public_ip": {
      "value": "52.18.142.200",
      "type": "string"
    },
    "nat_gateway_ids": {
      "value": {
        "a": "nat-04b0b4c664972922b",
        "b": "nat-082706ef44fceeb1f"
      },
      "type": [
        "object",
        {
          "a": "string",
          "b": "string"
        }
      ]
    },
    "private_subnet_ids": {
      "value": [
        "subnet-005f93217d23a293a",
        "subnet-0dd3af911dda6d774"
      ],
      "type": [
        "tuple",
        [
          "string",
          "string"
        ]
      ]
    },
    "public_subnet_ids": {
      "value": [
        "subnet-026b50e49efe89fdb",
        "subnet-094f7ec54493ae13a"
      ],
      "type": [
        "tuple",
        [
          "string",
          "string"
        ]
      ]
    },
    "public_subnet_ids_map": {
      "value": {
        "a": "subnet-026b50e49efe89fdb",
        "b": "subnet-094f7ec54493ae13a"
      },
      "type": [
        "object",
        {
          "a": "string",
          "b": "string"
        }
      ]
    },
    "security_groups": {
      "value": {
        "bastion_sg": "sg-0ead8af8dd501d392",
        "db_sg": "sg-0fb0874d4742952f9",
        "web_sg": "sg-00348df8d236c813e"
      },
      "type": [
        "object",
        {
          "bastion_sg": "string",
          "db_sg": "string",
          "web_sg": "string"
        }
      ]
    },
    "vpc_id": {
      "value": "vpc-06712d7d60f1d41bb",
      "type": "string"
    },
    "web_private_ip": {
      "value": "10.30.11.111",
      "type": "string"
    }
  },
  "resources": [
    {
      "module": "module.network",
      "mode": "data",
      "type": "aws_ami",
      "name": "ubuntu",
      "provider": "provider[\"registry.terraform.io/hashicorp/aws\"]",
      "instances": [
        {
          "schema_version": 0,
          "attributes": {
            "allow_unsafe_filter": null,
            "architecture": "x86_64",
            "arn": "arn:aws:ec2:eu-west-1::image/ami-03446a3af42c5e74e",
            "block_device_mappings": [
              {
                "device_name": "/dev/sda1",
                "ebs": {
                  "delete_on_termination": "true",
                  "encrypted": "false",
                  "iops": "0",
                  "snapshot_id": "snap-0a69ff4df479c5174",
                  "throughput": "0",
                  "volume_initialization_rate": "0",
                  "volume_size": "8",
                  "volume_type": "gp3"
                },
                "no_device": "",
                "virtual_name": ""
              },
              {
                "device_name": "/dev/sdb",
                "ebs": {},
                "no_device": "",
                "virtual_name": "ephemeral0"
              },
              {
                "device_name": "/dev/sdc",
                "ebs": {},
                "no_device": "",
                "virtual_name": "ephemeral1"
              }
            ],
            "boot_mode": "uefi-preferred",
            "creation_date": "2025-12-12T10:47:34.000Z",
            "deprecation_time": "2027-12-12T10:47:34.000Z",
            "description": "Canonical, Ubuntu, 24.04, amd64 noble image",
            "ena_support": true,
            "executable_users": null,
            "filter": [
              {
                "name": "name",
                "values": [
                  "ubuntu/images/hvm-ssd-gp3/ubuntu-noble-24.04-amd64-server-*"
                ]
              },
              {
                "name": "virtualization-type",
                "values": [
                  "hvm"
                ]
              }
            ],
            "hypervisor": "xen",
            "id": "ami-03446a3af42c5e74e",
            "image_id": "ami-03446a3af42c5e74e",
            "image_location": "amazon/ubuntu/images/hvm-ssd-gp3/ubuntu-noble-24.04-amd64-server-20251212",
            "image_owner_alias": "amazon",
            "image_type": "machine",
            "imds_support": "v2.0",
            "include_deprecated": false,
            "kernel_id": "",
            "last_launched_time": "",
            "most_recent": true,
            "name": "ubuntu/images/hvm-ssd-gp3/ubuntu-noble-24.04-amd64-server-20251212",
            "name_regex": null,
            "owner_id": "099720109477",
            "owners": [
              "099720109477"
            ],
            "platform": "",
            "platform_details": "Linux/UNIX",
            "product_codes": [],
            "public": true,
            "ramdisk_id": "",
            "region": "eu-west-1",
            "root_device_name": "/dev/sda1",
            "root_device_type": "ebs",
            "root_snapshot_id": "snap-0a69ff4df479c5174",
            "sriov_net_support": "simple",
            "state": "available",
            "state_reason": {
              "code": "UNSET",
              "message": "UNSET"
            },
            "tags": {},
            "timeouts": null,
            "tpm_support": "",
            "uefi_data": null,
            "usage_operation": "RunInstances",
            "virtualization_type": "hvm"
          },
          "sensitive_attributes": [],
          "identity_schema_version": 0
        }
      ]
    },
    {
      "module": "module.network",
      "mode": "data",
      "type": "aws_availability_zones",
      "name": "available",
      "provider": "provider[\"registry.terraform.io/hashicorp/aws\"]",
      "instances": [
        {
          "schema_version": 0,
          "attributes": {
            "all_availability_zones": null,
            "exclude_names": null,
            "exclude_zone_ids": null,
            "filter": null,
            "group_names": [
              "eu-west-1-zg-1"
            ],
            "id": "eu-west-1",
            "names": [
              "eu-west-1a",
              "eu-west-1b",
              "eu-west-1c"
            ],
            "region": "eu-west-1",
            "state": "available",
            "timeouts": null,
            "zone_ids": [
              "euw1-az2",
              "euw1-az3",
              "euw1-az1"
            ]
          },
          "sensitive_attributes": [],
          "identity_schema_version": 0
        }
      ]
    },
    {
      "module": "module.network",
      "mode": "managed",
      "type": "aws_eip",
      "name": "nat",
      "provider": "provider[\"registry.terraform.io/hashicorp/aws\"]",
      "instances": [
        {
          "index_key": "a",
          "schema_version": 0,
          "attributes": {
            "address": null,
            "allocation_id": "eipalloc-0b24da7ae8d0fd59f",
            "arn": "arn:aws:ec2:eu-west-1:179151669003:elastic-ip/eipalloc-0b24da7ae8d0fd59f",
            "associate_with_private_ip": null,
            "association_id": "",
            "carrier_ip": "",
            "customer_owned_ip": "",
            "customer_owned_ipv4_pool": "",
            "domain": "vpc",
            "id": "eipalloc-0b24da7ae8d0fd59f",
            "instance": "",
            "ipam_pool_id": null,
            "network_border_group": "eu-west-1",
            "network_interface": "",
            "private_dns": null,
            "private_ip": "",
            "ptr_record": "",
            "public_dns": "ec2-52-17-230-72.eu-west-1.compute.amazonaws.com",
            "public_ip": "52.17.230.72",
            "public_ipv4_pool": "amazon",
            "region": "eu-west-1",
            "tags": {
              "Environment": "full",
              "Name": "lab44-nat_eip-a",
              "Project": "lab44"
            },
            "tags_all": {
              "Environment": "full",
              "Name": "lab44-nat_eip-a",
              "Project": "lab44"
            },
            "timeouts": null
          },
          "sensitive_attributes": [],
          "identity_schema_version": 0,
          "private": "eyJlMmJmYjczMC1lY2FhLTExZTYtOGY4OC0zNDM2M2JjN2M0YzAiOnsiZGVsZXRlIjoxODAwMDAwMDAwMDAsInJlYWQiOjkwMDAwMDAwMDAwMCwidXBkYXRlIjozMDAwMDAwMDAwMDB9fQ==",
          "dependencies": [
            "module.network.data.aws_availability_zones.available"
          ]
        },
        {
          "index_key": "b",
          "schema_version": 0,
          "attributes": {
            "address": null,
            "allocation_id": "eipalloc-004cb615f8cfa315a",
            "arn": "arn:aws:ec2:eu-west-1:179151669003:elastic-ip/eipalloc-004cb615f8cfa315a",
            "associate_with_private_ip": null,
            "association_id": "",
            "carrier_ip": "",
            "customer_owned_ip": "",
            "customer_owned_ipv4_pool": "",
            "domain": "vpc",
            "id": "eipalloc-004cb615f8cfa315a",
            "instance": "",
            "ipam_pool_id": null,
            "network_border_group": "eu-west-1",
            "network_interface": "",
            "private_dns": null,
            "private_ip": "",
            "ptr_record": "",
            "public_dns": "ec2-52-31-162-148.eu-west-1.compute.amazonaws.com",
            "public_ip": "52.31.162.148",
            "public_ipv4_pool": "amazon",
            "region": "eu-west-1",
            "tags": {
              "Environment": "full",
              "Name": "lab44-nat_eip-b",
              "Project": "lab44"
            },
            "tags_all": {
              "Environment": "full",
              "Name": "lab44-nat_eip-b",
              "Project": "lab44"
            },
            "timeouts": null
          },
          "sensitive_attributes": [],
          "identity_schema_version": 0,
          "private": "eyJlMmJmYjczMC1lY2FhLTExZTYtOGY4OC0zNDM2M2JjN2M0YzAiOnsiZGVsZXRlIjoxODAwMDAwMDAwMDAsInJlYWQiOjkwMDAwMDAwMDAwMCwidXBkYXRlIjozMDAwMDAwMDAwMDB9fQ==",
          "dependencies": [
            "module.network.data.aws_availability_zones.available"
          ]
        }
      ]
    },
    {
      "module": "module.network",
      "mode": "managed",
      "type": "aws_instance",
      "name": "bastion",
      "provider": "provider[\"registry.terraform.io/hashicorp/aws\"]",
      "instances": [
        {
          "schema_version": 2,
          "attributes": {
            "ami": "ami-03446a3af42c5e74e",
            "arn": "arn:aws:ec2:eu-west-1:179151669003:instance/i-032ac4a242ad18770",
            "associate_public_ip_address": true,
            "availability_zone": "eu-west-1a",
            "capacity_reservation_specification": [
              {
                "capacity_reservation_preference": "open",
                "capacity_reservation_target": []
              }
            ],
            "cpu_options": [
              {
                "amd_sev_snp": "",
                "core_count": 1,
                "threads_per_core": 2
              }
            ],
            "credit_specification": [
              {
                "cpu_credits": "unlimited"
              }
            ],
            "disable_api_stop": false,
            "disable_api_termination": false,
            "ebs_block_device": [],
            "ebs_optimized": false,
            "enable_primary_ipv6": null,
            "enclave_options": [
              {
                "enabled": false
              }
            ],
            "ephemeral_block_device": [],
            "force_destroy": false,
            "get_password_data": false,
            "hibernation": false,
            "host_id": "",
            "host_resource_group_arn": null,
            "iam_instance_profile": "",
            "id": "i-032ac4a242ad18770",
            "instance_initiated_shutdown_behavior": "stop",
            "instance_lifecycle": "",
            "instance_market_options": [],
            "instance_state": "running",
            "instance_type": "t3.micro",
            "ipv6_address_count": 0,
            "ipv6_addresses": [],
            "key_name": "lab44_terraform",
            "launch_template": [],
            "maintenance_options": [
              {
                "auto_recovery": "default"
              }
            ],
            "metadata_options": [
              {
                "http_endpoint": "enabled",
                "http_protocol_ipv6": "disabled",
                "http_put_response_hop_limit": 2,
                "http_tokens": "required",
                "instance_metadata_tags": "disabled"
              }
            ],
            "monitoring": false,
            "network_interface": [],
            "outpost_arn": "",
            "password_data": "",
            "placement_group": "",
            "placement_group_id": "",
            "placement_partition_number": 0,
            "primary_network_interface": [
              {
                "delete_on_termination": true,
                "network_interface_id": "eni-042cc8d0c7fca3ef4"
              }
            ],
            "primary_network_interface_id": "eni-042cc8d0c7fca3ef4",
            "private_dns": "ip-10-30-1-210.eu-west-1.compute.internal",
            "private_dns_name_options": [
              {
                "enable_resource_name_dns_a_record": false,
                "enable_resource_name_dns_aaaa_record": false,
                "hostname_type": "ip-name"
              }
            ],
            "private_ip": "10.30.1.210",
            "public_dns": "ec2-52-18-142-200.eu-west-1.compute.amazonaws.com",
            "public_ip": "52.18.142.200",
            "region": "eu-west-1",
            "root_block_device": [
              {
                "delete_on_termination": true,
                "device_name": "/dev/sda1",
                "encrypted": false,
                "iops": 3000,
                "kms_key_id": "",
                "tags": {},
                "tags_all": {},
                "throughput": 125,
                "volume_id": "vol-03b3d337a43709ab3",
                "volume_size": 8,
                "volume_type": "gp3"
              }
            ],
            "secondary_private_ips": [],
            "security_groups": [],
            "source_dest_check": true,
            "spot_instance_request_id": "",
            "subnet_id": "subnet-026b50e49efe89fdb",
            "tags": {
              "Environment": "full",
              "Name": "lab44-bastion",
              "Project": "lab44",
              "Role": "bastion"
            },
            "tags_all": {
              "Environment": "full",
              "Name": "lab44-bastion",
              "Project": "lab44",
              "Role": "bastion"
            },
            "tenancy": "default",
            "timeouts": null,
            "user_data": null,
            "user_data_base64": null,
            "user_data_replace_on_change": false,
            "volume_tags": null,
            "vpc_security_group_ids": [
              "sg-0ead8af8dd501d392"
            ]
          },
          "sensitive_attributes": [],
          "identity_schema_version": 0,
          "identity": {
            "account_id": "179151669003",
            "id": "i-032ac4a242ad18770",
            "region": "eu-west-1"
          },
          "private": "eyJlMmJmYjczMC1lY2FhLTExZTYtOGY4OC0zNDM2M2JjN2M0YzAiOnsiY3JlYXRlIjo2MDAwMDAwMDAwMDAsImRlbGV0ZSI6MTIwMDAwMDAwMDAwMCwicmVhZCI6OTAwMDAwMDAwMDAwLCJ1cGRhdGUiOjYwMDAwMDAwMDAwMH0sInNjaGVtYV92ZXJzaW9uIjoiMiJ9",
          "dependencies": [
            "module.network.aws_key_pair.lab44",
            "module.network.aws_security_group.bastion",
            "module.network.aws_subnet.public_subnet",
            "module.network.aws_vpc.main",
            "module.network.data.aws_ami.ubuntu",
            "module.network.data.aws_availability_zones.available"
          ]
        }
      ]
    },
    {
      "module": "module.network",
      "mode": "managed",
      "type": "aws_instance",
      "name": "web",
      "provider": "provider[\"registry.terraform.io/hashicorp/aws\"]",
      "instances": [
        {
          "schema_version": 2,
          "attributes": {
            "ami": "ami-03446a3af42c5e74e",
            "arn": "arn:aws:ec2:eu-west-1:179151669003:instance/i-041d0363310b5c8a2",
            "associate_public_ip_address": false,
            "availability_zone": "eu-west-1a",
            "capacity_reservation_specification": [
              {
                "capacity_reservation_preference": "open",
                "capacity_reservation_target": []
              }
            ],
            "cpu_options": [
              {
                "amd_sev_snp": "",
                "core_count": 1,
                "threads_per_core": 2
              }
            ],
            "credit_specification": [
              {
                "cpu_credits": "unlimited"
              }
            ],
            "disable_api_stop": false,
            "disable_api_termination": false,
            "ebs_block_device": [],
            "ebs_optimized": false,
            "enable_primary_ipv6": null,
            "enclave_options": [
              {
                "enabled": false
              }
            ],
            "ephemeral_block_device": [],
            "force_destroy": false,
            "get_password_data": false,
            "hibernation": false,
            "host_id": "",
            "host_resource_group_arn": null,
            "iam_instance_profile": "",
            "id": "i-041d0363310b5c8a2",
            "instance_initiated_shutdown_behavior": "stop",
            "instance_lifecycle": "",
            "instance_market_options": [],
            "instance_state": "running",
            "instance_type": "t3.micro",
            "ipv6_address_count": 0,
            "ipv6_addresses": [],
            "key_name": "lab44_terraform",
            "launch_template": [],
            "maintenance_options": [
              {
                "auto_recovery": "default"
              }
            ],
            "metadata_options": [
              {
                "http_endpoint": "enabled",
                "http_protocol_ipv6": "disabled",
                "http_put_response_hop_limit": 2,
                "http_tokens": "required",
                "instance_metadata_tags": "disabled"
              }
            ],
            "monitoring": false,
            "network_interface": [],
            "outpost_arn": "",
            "password_data": "",
            "placement_group": "",
            "placement_group_id": "",
            "placement_partition_number": 0,
            "primary_network_interface": [
              {
                "delete_on_termination": true,
                "network_interface_id": "eni-07fd42666e5d9aab3"
              }
            ],
            "primary_network_interface_id": "eni-07fd42666e5d9aab3",
            "private_dns": "ip-10-30-11-111.eu-west-1.compute.internal",
            "private_dns_name_options": [
              {
                "enable_resource_name_dns_a_record": false,
                "enable_resource_name_dns_aaaa_record": false,
                "hostname_type": "ip-name"
              }
            ],
            "private_ip": "10.30.11.111",
            "public_dns": "",
            "public_ip": "",
            "region": "eu-west-1",
            "root_block_device": [
              {
                "delete_on_termination": true,
                "device_name": "/dev/sda1",
                "encrypted": false,
                "iops": 3000,
                "kms_key_id": "",
                "tags": {},
                "tags_all": {},
                "throughput": 125,
                "volume_id": "vol-08d387f3c62a9d389",
                "volume_size": 8,
                "volume_type": "gp3"
              }
            ],
            "secondary_private_ips": [],
            "security_groups": [],
            "source_dest_check": true,
            "spot_instance_request_id": "",
            "subnet_id": "subnet-005f93217d23a293a",
            "tags": {
              "Environment": "full",
              "Name": "lab44-web",
              "Project": "lab44",
              "Role": "web"
            },
            "tags_all": {
              "Environment": "full",
              "Name": "lab44-web",
              "Project": "lab44",
              "Role": "web"
            },
            "tenancy": "default",
            "timeouts": null,
            "user_data": "#!/usr/bin/env bash\nset -Eeuo pipefail\n\napt-get update -y\napt-get install -y nginx\n\necho \"lab44 web: $(hostname) $(date -u)\" \u003e /var/www/html/index.html\nsystemctl enable --now nginx\n",
            "user_data_base64": null,
            "user_data_replace_on_change": false,
            "volume_tags": null,
            "vpc_security_group_ids": [
              "sg-00348df8d236c813e"
            ]
          },
          "sensitive_attributes": [],
          "identity_schema_version": 0,
          "identity": {
            "account_id": "179151669003",
            "id": "i-041d0363310b5c8a2",
            "region": "eu-west-1"
          },
          "private": "eyJlMmJmYjczMC1lY2FhLTExZTYtOGY4OC0zNDM2M2JjN2M0YzAiOnsiY3JlYXRlIjo2MDAwMDAwMDAwMDAsImRlbGV0ZSI6MTIwMDAwMDAwMDAwMCwicmVhZCI6OTAwMDAwMDAwMDAwLCJ1cGRhdGUiOjYwMDAwMDAwMDAwMH0sInNjaGVtYV92ZXJzaW9uIjoiMiJ9",
          "dependencies": [
            "module.network.aws_key_pair.lab44",
            "module.network.aws_security_group.bastion",
            "module.network.aws_security_group.web",
            "module.network.aws_subnet.private_subnet",
            "module.network.aws_vpc.main",
            "module.network.data.aws_ami.ubuntu",
            "module.network.data.aws_availability_zones.available"
          ]
        }
      ]
    },
    {
      "module": "module.network",
      "mode": "managed",
      "type": "aws_internet_gateway",
      "name": "igw",
      "provider": "provider[\"registry.terraform.io/hashicorp/aws\"]",
      "instances": [
        {
          "schema_version": 0,
          "attributes": {
            "arn": "arn:aws:ec2:eu-west-1:179151669003:internet-gateway/igw-0bee668877464f0ec",
            "id": "igw-0bee668877464f0ec",
            "owner_id": "179151669003",
            "region": "eu-west-1",
            "tags": {
              "Environment": "full",
              "Name": "lab44-igw",
              "Project": "lab44"
            },
            "tags_all": {
              "Environment": "full",
              "Name": "lab44-igw",
              "Project": "lab44"
            },
            "timeouts": null,
            "vpc_id": "vpc-06712d7d60f1d41bb"
          },
          "sensitive_attributes": [],
          "identity_schema_version": 0,
          "private": "eyJlMmJmYjczMC1lY2FhLTExZTYtOGY4OC0zNDM2M2JjN2M0YzAiOnsiY3JlYXRlIjoxMjAwMDAwMDAwMDAwLCJkZWxldGUiOjEyMDAwMDAwMDAwMDAsInVwZGF0ZSI6MTIwMDAwMDAwMDAwMH19",
          "dependencies": [
            "module.network.aws_vpc.main"
          ]
        }
      ]
    },
    {
      "module": "module.network",
      "mode": "managed",
      "type": "aws_key_pair",
      "name": "lab44",
      "provider": "provider[\"registry.terraform.io/hashicorp/aws\"]",
      "instances": [
        {
          "schema_version": 1,
          "attributes": {
            "arn": "arn:aws:ec2:eu-west-1:179151669003:key-pair/lab44_terraform",
            "fingerprint": "q3ojl9smETxhMIyBcz1XAIQFV/+4Tu7OhZxPHdHsPCw=",
            "id": "lab44_terraform",
            "key_name": "lab44_terraform",
            "key_name_prefix": "",
            "key_pair_id": "key-08a62d40793f4338f",
            "key_type": "ed25519",
            "public_key": "ssh-ed25519 AAAAC3NzaC1lZDI1NTE5AAAAIKWfwU+2WOaa5CeywI+J4TX8jzqam+QgiUPNerdBn4mY lab44",
            "region": "eu-west-1",
            "tags": {
              "Environment": "full",
              "Name": "lab44-keypair",
              "Project": "lab44"
            },
            "tags_all": {
              "Environment": "full",
              "Name": "lab44-keypair",
              "Project": "lab44"
            }
          },
          "sensitive_attributes": [],
          "identity_schema_version": 0,
          "private": "eyJzY2hlbWFfdmVyc2lvbiI6IjEifQ=="
        }
      ]
    },
    {
      "module": "module.network",
      "mode": "managed",
      "type": "aws_nat_gateway",
      "name": "nat_gw",
      "provider": "provider[\"registry.terraform.io/hashicorp/aws\"]",
      "instances": [
        {
          "index_key": "a",
          "schema_version": 0,
          "attributes": {
            "allocation_id": "eipalloc-0b24da7ae8d0fd59f",
            "association_id": "eipassoc-0de054fb79f758516",
            "auto_provision_zones": null,
            "auto_scaling_ips": null,
            "availability_mode": "zonal",
            "availability_zone_address": [],
            "connectivity_type": "public",
            "id": "nat-04b0b4c664972922b",
            "network_interface_id": "eni-0a69a73736d1ecd4f",
            "private_ip": "10.30.1.58",
            "public_ip": "52.17.230.72",
            "region": "eu-west-1",
            "regional_nat_gateway_address": [],
            "regional_nat_gateway_auto_mode": null,
            "route_table_id": null,
            "secondary_allocation_ids": [],
            "secondary_private_ip_address_count": 0,
            "secondary_private_ip_addresses": [],
            "subnet_id": "subnet-026b50e49efe89fdb",
            "tags": {
              "Environment": "full",
              "Name": "lab44-nat_gw-a",
              "Project": "lab44"
            },
            "tags_all": {
              "Environment": "full",
              "Name": "lab44-nat_gw-a",
              "Project": "lab44"
            },
            "timeouts": null,
            "vpc_id": "vpc-06712d7d60f1d41bb"
          },
          "sensitive_attributes": [],
          "identity_schema_version": 0,
          "private": "eyJlMmJmYjczMC1lY2FhLTExZTYtOGY4OC0zNDM2M2JjN2M0YzAiOnsiY3JlYXRlIjo2MDAwMDAwMDAwMDAsImRlbGV0ZSI6MTgwMDAwMDAwMDAwMCwidXBkYXRlIjo2MDAwMDAwMDAwMDB9fQ==",
          "dependencies": [
            "module.network.aws_eip.nat",
            "module.network.aws_internet_gateway.igw",
            "module.network.aws_route_table.public_rt",
            "module.network.aws_route_table_association.public_subnet_assoc",
            "module.network.aws_subnet.public_subnet",
            "module.network.aws_vpc.main",
            "module.network.data.aws_availability_zones.available"
          ]
        },
        {
          "index_key": "b",
          "schema_version": 0,
          "attributes": {
            "allocation_id": "eipalloc-004cb615f8cfa315a",
            "association_id": "eipassoc-07947b79647600d97",
            "auto_provision_zones": null,
            "auto_scaling_ips": null,
            "availability_mode": "zonal",
            "availability_zone_address": [],
            "connectivity_type": "public",
            "id": "nat-082706ef44fceeb1f",
            "network_interface_id": "eni-07466a535552d4cd7",
            "private_ip": "10.30.2.141",
            "public_ip": "52.31.162.148",
            "region": "eu-west-1",
            "regional_nat_gateway_address": [],
            "regional_nat_gateway_auto_mode": null,
            "route_table_id": null,
            "secondary_allocation_ids": [],
            "secondary_private_ip_address_count": 0,
            "secondary_private_ip_addresses": [],
            "subnet_id": "subnet-094f7ec54493ae13a",
            "tags": {
              "Environment": "full",
              "Name": "lab44-nat_gw-b",
              "Project": "lab44"
            },
            "tags_all": {
              "Environment": "full",
              "Name": "lab44-nat_gw-b",
              "Project": "lab44"
            },
            "timeouts": null,
            "vpc_id": "vpc-06712d7d60f1d41bb"
          },
          "sensitive_attributes": [],
          "identity_schema_version": 0,
          "private": "eyJlMmJmYjczMC1lY2FhLTExZTYtOGY4OC0zNDM2M2JjN2M0YzAiOnsiY3JlYXRlIjo2MDAwMDAwMDAwMDAsImRlbGV0ZSI6MTgwMDAwMDAwMDAwMCwidXBkYXRlIjo2MDAwMDAwMDAwMDB9fQ==",
          "dependencies": [
            "module.network.aws_eip.nat",
            "module.network.aws_internet_gateway.igw",
            "module.network.aws_route_table.public_rt",
            "module.network.aws_route_table_association.public_subnet_assoc",
            "module.network.aws_subnet.public_subnet",
            "module.network.aws_vpc.main",
            "module.network.data.aws_availability_zones.available"
          ]
        }
      ]
    },
    {
      "module": "module.network",
      "mode": "managed",
      "type": "aws_route_table",
      "name": "private_rt",
      "provider": "provider[\"registry.terraform.io/hashicorp/aws\"]",
      "instances": [
        {
          "index_key": "a",
          "schema_version": 0,
          "attributes": {
            "arn": "arn:aws:ec2:eu-west-1:179151669003:route-table/rtb-06c56b41b97b398c7",
            "id": "rtb-06c56b41b97b398c7",
            "owner_id": "179151669003",
            "propagating_vgws": [],
            "region": "eu-west-1",
            "route": [
              {
                "carrier_gateway_id": "",
                "cidr_block": "0.0.0.0/0",
                "core_network_arn": "",
                "destination_prefix_list_id": "",
                "egress_only_gateway_id": "",
                "gateway_id": "",
                "ipv6_cidr_block": "",
                "local_gateway_id": "",
                "nat_gateway_id": "nat-04b0b4c664972922b",
                "network_interface_id": "",
                "transit_gateway_id": "",
                "vpc_endpoint_id": "",
                "vpc_peering_connection_id": ""
              }
            ],
            "tags": {
              "Environment": "full",
              "Name": "lab44-private_rt-a",
              "Project": "lab44"
            },
            "tags_all": {
              "Environment": "full",
              "Name": "lab44-private_rt-a",
              "Project": "lab44"
            },
            "timeouts": null,
            "vpc_id": "vpc-06712d7d60f1d41bb"
          },
          "sensitive_attributes": [],
          "identity_schema_version": 0,
          "identity": {
            "account_id": "179151669003",
            "id": "rtb-06c56b41b97b398c7",
            "region": "eu-west-1"
          },
          "private": "eyJlMmJmYjczMC1lY2FhLTExZTYtOGY4OC0zNDM2M2JjN2M0YzAiOnsiY3JlYXRlIjozMDAwMDAwMDAwMDAsImRlbGV0ZSI6MzAwMDAwMDAwMDAwLCJ1cGRhdGUiOjEyMDAwMDAwMDAwMH19",
          "dependencies": [
            "module.network.aws_eip.nat",
            "module.network.aws_internet_gateway.igw",
            "module.network.aws_nat_gateway.nat_gw",
            "module.network.aws_route_table.public_rt",
            "module.network.aws_route_table_association.public_subnet_assoc",
            "module.network.aws_subnet.public_subnet",
            "module.network.aws_vpc.main",
            "module.network.data.aws_availability_zones.available"
          ]
        },
        {
          "index_key": "b",
          "schema_version": 0,
          "attributes": {
            "arn": "arn:aws:ec2:eu-west-1:179151669003:route-table/rtb-03fa35451e0bf7a2c",
            "id": "rtb-03fa35451e0bf7a2c",
            "owner_id": "179151669003",
            "propagating_vgws": [],
            "region": "eu-west-1",
            "route": [
              {
                "carrier_gateway_id": "",
                "cidr_block": "0.0.0.0/0",
                "core_network_arn": "",
                "destination_prefix_list_id": "",
                "egress_only_gateway_id": "",
                "gateway_id": "",
                "ipv6_cidr_block": "",
                "local_gateway_id": "",
                "nat_gateway_id": "nat-082706ef44fceeb1f",
                "network_interface_id": "",
                "transit_gateway_id": "",
                "vpc_endpoint_id": "",
                "vpc_peering_connection_id": ""
              }
            ],
            "tags": {
              "Environment": "full",
              "Name": "lab44-private_rt-b",
              "Project": "lab44"
            },
            "tags_all": {
              "Environment": "full",
              "Name": "lab44-private_rt-b",
              "Project": "lab44"
            },
            "timeouts": null,
            "vpc_id": "vpc-06712d7d60f1d41bb"
          },
          "sensitive_attributes": [],
          "identity_schema_version": 0,
          "identity": {
            "account_id": "179151669003",
            "id": "rtb-03fa35451e0bf7a2c",
            "region": "eu-west-1"
          },
          "private": "eyJlMmJmYjczMC1lY2FhLTExZTYtOGY4OC0zNDM2M2JjN2M0YzAiOnsiY3JlYXRlIjozMDAwMDAwMDAwMDAsImRlbGV0ZSI6MzAwMDAwMDAwMDAwLCJ1cGRhdGUiOjEyMDAwMDAwMDAwMH19",
          "dependencies": [
            "module.network.aws_eip.nat",
            "module.network.aws_internet_gateway.igw",
            "module.network.aws_nat_gateway.nat_gw",
            "module.network.aws_route_table.public_rt",
            "module.network.aws_route_table_association.public_subnet_assoc",
            "module.network.aws_subnet.public_subnet",
            "module.network.aws_vpc.main",
            "module.network.data.aws_availability_zones.available"
          ]
        }
      ]
    },
    {
      "module": "module.network",
      "mode": "managed",
      "type": "aws_route_table",
      "name": "public_rt",
      "provider": "provider[\"registry.terraform.io/hashicorp/aws\"]",
      "instances": [
        {
          "schema_version": 0,
          "attributes": {
            "arn": "arn:aws:ec2:eu-west-1:179151669003:route-table/rtb-0d831246103348de8",
            "id": "rtb-0d831246103348de8",
            "owner_id": "179151669003",
            "propagating_vgws": [],
            "region": "eu-west-1",
            "route": [
              {
                "carrier_gateway_id": "",
                "cidr_block": "0.0.0.0/0",
                "core_network_arn": "",
                "destination_prefix_list_id": "",
                "egress_only_gateway_id": "",
                "gateway_id": "igw-0bee668877464f0ec",
                "ipv6_cidr_block": "",
                "local_gateway_id": "",
                "nat_gateway_id": "",
                "network_interface_id": "",
                "transit_gateway_id": "",
                "vpc_endpoint_id": "",
                "vpc_peering_connection_id": ""
              }
            ],
            "tags": {
              "Environment": "full",
              "Name": "lab44-public_rt",
              "Project": "lab44"
            },
            "tags_all": {
              "Environment": "full",
              "Name": "lab44-public_rt",
              "Project": "lab44"
            },
            "timeouts": null,
            "vpc_id": "vpc-06712d7d60f1d41bb"
          },
          "sensitive_attributes": [],
          "identity_schema_version": 0,
          "identity": {
            "account_id": "179151669003",
            "id": "rtb-0d831246103348de8",
            "region": "eu-west-1"
          },
          "private": "eyJlMmJmYjczMC1lY2FhLTExZTYtOGY4OC0zNDM2M2JjN2M0YzAiOnsiY3JlYXRlIjozMDAwMDAwMDAwMDAsImRlbGV0ZSI6MzAwMDAwMDAwMDAwLCJ1cGRhdGUiOjEyMDAwMDAwMDAwMH19",
          "dependencies": [
            "module.network.aws_internet_gateway.igw",
            "module.network.aws_vpc.main"
          ]
        }
      ]
    },
    {
      "module": "module.network",
      "mode": "managed",
      "type": "aws_route_table_association",
      "name": "private_rt_assoc",
      "provider": "provider[\"registry.terraform.io/hashicorp/aws\"]",
      "instances": [
        {
          "index_key": "a",
          "schema_version": 0,
          "attributes": {
            "gateway_id": "",
            "id": "rtbassoc-0d506f73f97313f35",
            "region": "eu-west-1",
            "route_table_id": "rtb-06c56b41b97b398c7",
            "subnet_id": "subnet-005f93217d23a293a",
            "timeouts": null
          },
          "sensitive_attributes": [],
          "identity_schema_version": 0,
          "private": "eyJlMmJmYjczMC1lY2FhLTExZTYtOGY4OC0zNDM2M2JjN2M0YzAiOnsiY3JlYXRlIjozMDAwMDAwMDAwMDAsImRlbGV0ZSI6MzAwMDAwMDAwMDAwLCJ1cGRhdGUiOjEyMDAwMDAwMDAwMH19",
          "dependencies": [
            "module.network.aws_eip.nat",
            "module.network.aws_internet_gateway.igw",
            "module.network.aws_nat_gateway.nat_gw",
            "module.network.aws_route_table.private_rt",
            "module.network.aws_route_table.public_rt",
            "module.network.aws_route_table_association.public_subnet_assoc",
            "module.network.aws_subnet.private_subnet",
            "module.network.aws_subnet.public_subnet",
            "module.network.aws_vpc.main",
            "module.network.data.aws_availability_zones.available"
          ]
        },
        {
          "index_key": "b",
          "schema_version": 0,
          "attributes": {
            "gateway_id": "",
            "id": "rtbassoc-02c4bc7a4760b8f87",
            "region": "eu-west-1",
            "route_table_id": "rtb-03fa35451e0bf7a2c",
            "subnet_id": "subnet-0dd3af911dda6d774",
            "timeouts": null
          },
          "sensitive_attributes": [],
          "identity_schema_version": 0,
          "private": "eyJlMmJmYjczMC1lY2FhLTExZTYtOGY4OC0zNDM2M2JjN2M0YzAiOnsiY3JlYXRlIjozMDAwMDAwMDAwMDAsImRlbGV0ZSI6MzAwMDAwMDAwMDAwLCJ1cGRhdGUiOjEyMDAwMDAwMDAwMH19",
          "dependencies": [
            "module.network.aws_eip.nat",
            "module.network.aws_internet_gateway.igw",
            "module.network.aws_nat_gateway.nat_gw",
            "module.network.aws_route_table.private_rt",
            "module.network.aws_route_table.public_rt",
            "module.network.aws_route_table_association.public_subnet_assoc",
            "module.network.aws_subnet.private_subnet",
            "module.network.aws_subnet.public_subnet",
            "module.network.aws_vpc.main",
            "module.network.data.aws_availability_zones.available"
          ]
        }
      ]
    },
    {
      "module": "module.network",
      "mode": "managed",
      "type": "aws_route_table_association",
      "name": "public_subnet_assoc",
      "provider": "provider[\"registry.terraform.io/hashicorp/aws\"]",
      "instances": [
        {
          "index_key": "a",
          "schema_version": 0,
          "attributes": {
            "gateway_id": "",
            "id": "rtbassoc-06b6a5469e5e0b3a2",
            "region": "eu-west-1",
            "route_table_id": "rtb-0d831246103348de8",
            "subnet_id": "subnet-026b50e49efe89fdb",
            "timeouts": null
          },
          "sensitive_attributes": [],
          "identity_schema_version": 0,
          "private": "eyJlMmJmYjczMC1lY2FhLTExZTYtOGY4OC0zNDM2M2JjN2M0YzAiOnsiY3JlYXRlIjozMDAwMDAwMDAwMDAsImRlbGV0ZSI6MzAwMDAwMDAwMDAwLCJ1cGRhdGUiOjEyMDAwMDAwMDAwMH19",
          "dependencies": [
            "module.network.aws_internet_gateway.igw",
            "module.network.aws_route_table.public_rt",
            "module.network.aws_subnet.public_subnet",
            "module.network.aws_vpc.main",
            "module.network.data.aws_availability_zones.available"
          ]
        },
        {
          "index_key": "b",
          "schema_version": 0,
          "attributes": {
            "gateway_id": "",
            "id": "rtbassoc-0af97a7a3057f0057",
            "region": "eu-west-1",
            "route_table_id": "rtb-0d831246103348de8",
            "subnet_id": "subnet-094f7ec54493ae13a",
            "timeouts": null
          },
          "sensitive_attributes": [],
          "identity_schema_version": 0,
          "private": "eyJlMmJmYjczMC1lY2FhLTExZTYtOGY4OC0zNDM2M2JjN2M0YzAiOnsiY3JlYXRlIjozMDAwMDAwMDAwMDAsImRlbGV0ZSI6MzAwMDAwMDAwMDAwLCJ1cGRhdGUiOjEyMDAwMDAwMDAwMH19",
          "dependencies": [
            "module.network.aws_internet_gateway.igw",
            "module.network.aws_route_table.public_rt",
            "module.network.aws_subnet.public_subnet",
            "module.network.aws_vpc.main",
            "module.network.data.aws_availability_zones.available"
          ]
        }
      ]
    },
    {
      "module": "module.network",
      "mode": "managed",
      "type": "aws_security_group",
      "name": "bastion",
      "provider": "provider[\"registry.terraform.io/hashicorp/aws\"]",
      "instances": [
        {
          "schema_version": 1,
          "attributes": {
            "arn": "arn:aws:ec2:eu-west-1:179151669003:security-group/sg-0ead8af8dd501d392",
            "description": "SSH from my IP only",
            "egress": [
              {
                "cidr_blocks": [
                  "0.0.0.0/0"
                ],
                "description": "All outbound",
                "from_port": 0,
                "ipv6_cidr_blocks": [],
                "prefix_list_ids": [],
                "protocol": "-1",
                "security_groups": [],
                "self": false,
                "to_port": 0
              }
            ],
            "id": "sg-0ead8af8dd501d392",
            "ingress": [
              {
                "cidr_blocks": [
                  "86.40.99.53/32"
                ],
                "description": "SSH from allowed IP",
                "from_port": 22,
                "ipv6_cidr_blocks": [],
                "prefix_list_ids": [],
                "protocol": "tcp",
                "security_groups": [],
                "self": false,
                "to_port": 22
              }
            ],
            "name": "lab44-bastion_sg",
            "name_prefix": "",
            "owner_id": "179151669003",
            "region": "eu-west-1",
            "revoke_rules_on_delete": false,
            "tags": {
              "Environment": "full",
              "Name": "lab44-bastion_sg",
              "Project": "lab44"
            },
            "tags_all": {
              "Environment": "full",
              "Name": "lab44-bastion_sg",
              "Project": "lab44"
            },
            "timeouts": null,
            "vpc_id": "vpc-06712d7d60f1d41bb"
          },
          "sensitive_attributes": [],
          "identity_schema_version": 0,
          "identity": {
            "account_id": "179151669003",
            "id": "sg-0ead8af8dd501d392",
            "region": "eu-west-1"
          },
          "private": "eyJlMmJmYjczMC1lY2FhLTExZTYtOGY4OC0zNDM2M2JjN2M0YzAiOnsiY3JlYXRlIjo2MDAwMDAwMDAwMDAsImRlbGV0ZSI6OTAwMDAwMDAwMDAwfSwic2NoZW1hX3ZlcnNpb24iOiIxIn0=",
          "dependencies": [
            "module.network.aws_vpc.main"
          ]
        }
      ]
    },
    {
      "module": "module.network",
      "mode": "managed",
      "type": "aws_security_group",
      "name": "db",
      "provider": "provider[\"registry.terraform.io/hashicorp/aws\"]",
      "instances": [
        {
          "schema_version": 1,
          "attributes": {
            "arn": "arn:aws:ec2:eu-west-1:179151669003:security-group/sg-0fb0874d4742952f9",
            "description": "Allow DB from Web SG only",
            "egress": [
              {
                "cidr_blocks": [
                  "0.0.0.0/0"
                ],
                "description": "All outbound",
                "from_port": 0,
                "ipv6_cidr_blocks": [],
                "prefix_list_ids": [],
                "protocol": "-1",
                "security_groups": [],
                "self": false,
                "to_port": 0
              }
            ],
            "id": "sg-0fb0874d4742952f9",
            "ingress": [
              {
                "cidr_blocks": [],
                "description": "Postgres from Web SG",
                "from_port": 5432,
                "ipv6_cidr_blocks": [],
                "prefix_list_ids": [],
                "protocol": "tcp",
                "security_groups": [
                  "sg-00348df8d236c813e"
                ],
                "self": false,
                "to_port": 5432
              }
            ],
            "name": "lab44-db_sg",
            "name_prefix": "",
            "owner_id": "179151669003",
            "region": "eu-west-1",
            "revoke_rules_on_delete": false,
            "tags": {
              "Environment": "full",
              "Name": "lab44-db_sg",
              "Project": "lab44"
            },
            "tags_all": {
              "Environment": "full",
              "Name": "lab44-db_sg",
              "Project": "lab44"
            },
            "timeouts": null,
            "vpc_id": "vpc-06712d7d60f1d41bb"
          },
          "sensitive_attributes": [],
          "identity_schema_version": 0,
          "identity": {
            "account_id": "179151669003",
            "id": "sg-0fb0874d4742952f9",
            "region": "eu-west-1"
          },
          "private": "eyJlMmJmYjczMC1lY2FhLTExZTYtOGY4OC0zNDM2M2JjN2M0YzAiOnsiY3JlYXRlIjo2MDAwMDAwMDAwMDAsImRlbGV0ZSI6OTAwMDAwMDAwMDAwfSwic2NoZW1hX3ZlcnNpb24iOiIxIn0=",
          "dependencies": [
            "module.network.aws_security_group.bastion",
            "module.network.aws_security_group.web",
            "module.network.aws_vpc.main"
          ]
        }
      ]
    },
    {
      "module": "module.network",
      "mode": "managed",
      "type": "aws_security_group",
      "name": "web",
      "provider": "provider[\"registry.terraform.io/hashicorp/aws\"]",
      "instances": [
        {
          "schema_version": 1,
          "attributes": {
            "arn": "arn:aws:ec2:eu-west-1:179151669003:security-group/sg-00348df8d236c813e",
            "description": "Allow HTTP/S from anywhere, SSH from Bastion",
            "egress": [
              {
                "cidr_blocks": [
                  "0.0.0.0/0"
                ],
                "description": "All outbound",
                "from_port": 0,
                "ipv6_cidr_blocks": [],
                "prefix_list_ids": [],
                "protocol": "-1",
                "security_groups": [],
                "self": false,
                "to_port": 0
              }
            ],
            "id": "sg-00348df8d236c813e",
            "ingress": [
              {
                "cidr_blocks": [
                  "0.0.0.0/0"
                ],
                "description": "HTTP 80 from anywhere",
                "from_port": 80,
                "ipv6_cidr_blocks": [],
                "prefix_list_ids": [],
                "protocol": "tcp",
                "security_groups": [],
                "self": false,
                "to_port": 80
              },
              {
                "cidr_blocks": [
                  "0.0.0.0/0"
                ],
                "description": "HTTPS 443 from anywhere",
                "from_port": 443,
                "ipv6_cidr_blocks": [],
                "prefix_list_ids": [],
                "protocol": "tcp",
                "security_groups": [],
                "self": false,
                "to_port": 443
              },
              {
                "cidr_blocks": [],
                "description": "SSH from Bastion",
                "from_port": 22,
                "ipv6_cidr_blocks": [],
                "prefix_list_ids": [],
                "protocol": "tcp",
                "security_groups": [
                  "sg-0ead8af8dd501d392"
                ],
                "self": false,
                "to_port": 22
              }
            ],
            "name": "lab44-web_sg",
            "name_prefix": "",
            "owner_id": "179151669003",
            "region": "eu-west-1",
            "revoke_rules_on_delete": false,
            "tags": {
              "Environment": "full",
              "Name": "lab44-web_sg",
              "Project": "lab44"
            },
            "tags_all": {
              "Environment": "full",
              "Name": "lab44-web_sg",
              "Project": "lab44"
            },
            "timeouts": null,
            "vpc_id": "vpc-06712d7d60f1d41bb"
          },
          "sensitive_attributes": [],
          "identity_schema_version": 0,
          "identity": {
            "account_id": "179151669003",
            "id": "sg-00348df8d236c813e",
            "region": "eu-west-1"
          },
          "private": "eyJlMmJmYjczMC1lY2FhLTExZTYtOGY4OC0zNDM2M2JjN2M0YzAiOnsiY3JlYXRlIjo2MDAwMDAwMDAwMDAsImRlbGV0ZSI6OTAwMDAwMDAwMDAwfSwic2NoZW1hX3ZlcnNpb24iOiIxIn0=",
          "dependencies": [
            "module.network.aws_security_group.bastion",
            "module.network.aws_vpc.main"
          ]
        }
      ]
    },
    {
      "module": "module.network",
      "mode": "managed",
      "type": "aws_subnet",
      "name": "private_subnet",
      "provider": "provider[\"registry.terraform.io/hashicorp/aws\"]",
      "instances": [
        {
          "index_key": "a",
          "schema_version": 1,
          "attributes": {
            "arn": "arn:aws:ec2:eu-west-1:179151669003:subnet/subnet-005f93217d23a293a",
            "assign_ipv6_address_on_creation": false,
            "availability_zone": "eu-west-1a",
            "availability_zone_id": "euw1-az2",
            "cidr_block": "10.30.11.0/24",
            "customer_owned_ipv4_pool": "",
            "enable_dns64": false,
            "enable_lni_at_device_index": 0,
            "enable_resource_name_dns_a_record_on_launch": false,
            "enable_resource_name_dns_aaaa_record_on_launch": false,
            "id": "subnet-005f93217d23a293a",
            "ipv6_cidr_block": "",
            "ipv6_cidr_block_association_id": "",
            "ipv6_native": false,
            "map_customer_owned_ip_on_launch": false,
            "map_public_ip_on_launch": false,
            "outpost_arn": "",
            "owner_id": "179151669003",
            "private_dns_hostname_type_on_launch": "ip-name",
            "region": "eu-west-1",
            "tags": {
              "Environment": "full",
              "Name": "lab44-private_subnet-a",
              "Project": "lab44",
              "Tier": "private"
            },
            "tags_all": {
              "Environment": "full",
              "Name": "lab44-private_subnet-a",
              "Project": "lab44",
              "Tier": "private"
            },
            "timeouts": null,
            "vpc_id": "vpc-06712d7d60f1d41bb"
          },
          "sensitive_attributes": [],
          "identity_schema_version": 0,
          "identity": {
            "account_id": "179151669003",
            "id": "subnet-005f93217d23a293a",
            "region": "eu-west-1"
          },
          "private": "eyJlMmJmYjczMC1lY2FhLTExZTYtOGY4OC0zNDM2M2JjN2M0YzAiOnsiY3JlYXRlIjo2MDAwMDAwMDAwMDAsImRlbGV0ZSI6MTIwMDAwMDAwMDAwMH0sInNjaGVtYV92ZXJzaW9uIjoiMSJ9",
          "dependencies": [
            "module.network.aws_vpc.main",
            "module.network.data.aws_availability_zones.available"
          ]
        },
        {
          "index_key": "b",
          "schema_version": 1,
          "attributes": {
            "arn": "arn:aws:ec2:eu-west-1:179151669003:subnet/subnet-0dd3af911dda6d774",
            "assign_ipv6_address_on_creation": false,
            "availability_zone": "eu-west-1b",
            "availability_zone_id": "euw1-az3",
            "cidr_block": "10.30.12.0/24",
            "customer_owned_ipv4_pool": "",
            "enable_dns64": false,
            "enable_lni_at_device_index": 0,
            "enable_resource_name_dns_a_record_on_launch": false,
            "enable_resource_name_dns_aaaa_record_on_launch": false,
            "id": "subnet-0dd3af911dda6d774",
            "ipv6_cidr_block": "",
            "ipv6_cidr_block_association_id": "",
            "ipv6_native": false,
            "map_customer_owned_ip_on_launch": false,
            "map_public_ip_on_launch": false,
            "outpost_arn": "",
            "owner_id": "179151669003",
            "private_dns_hostname_type_on_launch": "ip-name",
            "region": "eu-west-1",
            "tags": {
              "Environment": "full",
              "Name": "lab44-private_subnet-b",
              "Project": "lab44",
              "Tier": "private"
            },
            "tags_all": {
              "Environment": "full",
              "Name": "lab44-private_subnet-b",
              "Project": "lab44",
              "Tier": "private"
            },
            "timeouts": null,
            "vpc_id": "vpc-06712d7d60f1d41bb"
          },
          "sensitive_attributes": [],
          "identity_schema_version": 0,
          "identity": {
            "account_id": "179151669003",
            "id": "subnet-0dd3af911dda6d774",
            "region": "eu-west-1"
          },
          "private": "eyJlMmJmYjczMC1lY2FhLTExZTYtOGY4OC0zNDM2M2JjN2M0YzAiOnsiY3JlYXRlIjo2MDAwMDAwMDAwMDAsImRlbGV0ZSI6MTIwMDAwMDAwMDAwMH0sInNjaGVtYV92ZXJzaW9uIjoiMSJ9",
          "dependencies": [
            "module.network.aws_vpc.main",
            "module.network.data.aws_availability_zones.available"
          ]
        }
      ]
    },
    {
      "module": "module.network",
      "mode": "managed",
      "type": "aws_subnet",
      "name": "public_subnet",
      "provider": "provider[\"registry.terraform.io/hashicorp/aws\"]",
      "instances": [
        {
          "index_key": "a",
          "schema_version": 1,
          "attributes": {
            "arn": "arn:aws:ec2:eu-west-1:179151669003:subnet/subnet-026b50e49efe89fdb",
            "assign_ipv6_address_on_creation": false,
            "availability_zone": "eu-west-1a",
            "availability_zone_id": "euw1-az2",
            "cidr_block": "10.30.1.0/24",
            "customer_owned_ipv4_pool": "",
            "enable_dns64": false,
            "enable_lni_at_device_index": 0,
            "enable_resource_name_dns_a_record_on_launch": false,
            "enable_resource_name_dns_aaaa_record_on_launch": false,
            "id": "subnet-026b50e49efe89fdb",
            "ipv6_cidr_block": "",
            "ipv6_cidr_block_association_id": "",
            "ipv6_native": false,
            "map_customer_owned_ip_on_launch": false,
            "map_public_ip_on_launch": true,
            "outpost_arn": "",
            "owner_id": "179151669003",
            "private_dns_hostname_type_on_launch": "ip-name",
            "region": "eu-west-1",
            "tags": {
              "Environment": "full",
              "Name": "lab44-public_subnet-a",
              "Project": "lab44",
              "Tier": "public"
            },
            "tags_all": {
              "Environment": "full",
              "Name": "lab44-public_subnet-a",
              "Project": "lab44",
              "Tier": "public"
            },
            "timeouts": null,
            "vpc_id": "vpc-06712d7d60f1d41bb"
          },
          "sensitive_attributes": [],
          "identity_schema_version": 0,
          "identity": {
            "account_id": "179151669003",
            "id": "subnet-026b50e49efe89fdb",
            "region": "eu-west-1"
          },
          "private": "eyJlMmJmYjczMC1lY2FhLTExZTYtOGY4OC0zNDM2M2JjN2M0YzAiOnsiY3JlYXRlIjo2MDAwMDAwMDAwMDAsImRlbGV0ZSI6MTIwMDAwMDAwMDAwMH0sInNjaGVtYV92ZXJzaW9uIjoiMSJ9",
          "dependencies": [
            "module.network.aws_vpc.main",
            "module.network.data.aws_availability_zones.available"
          ]
        },
        {
          "index_key": "b",
          "schema_version": 1,
          "attributes": {
            "arn": "arn:aws:ec2:eu-west-1:179151669003:subnet/subnet-094f7ec54493ae13a",
            "assign_ipv6_address_on_creation": false,
            "availability_zone": "eu-west-1b",
            "availability_zone_id": "euw1-az3",
            "cidr_block": "10.30.2.0/24",
            "customer_owned_ipv4_pool": "",
            "enable_dns64": false,
            "enable_lni_at_device_index": 0,
            "enable_resource_name_dns_a_record_on_launch": false,
            "enable_resource_name_dns_aaaa_record_on_launch": false,
            "id": "subnet-094f7ec54493ae13a",
            "ipv6_cidr_block": "",
            "ipv6_cidr_block_association_id": "",
            "ipv6_native": false,
            "map_customer_owned_ip_on_launch": false,
            "map_public_ip_on_launch": true,
            "outpost_arn": "",
            "owner_id": "179151669003",
            "private_dns_hostname_type_on_launch": "ip-name",
            "region": "eu-west-1",
            "tags": {
              "Environment": "full",
              "Name": "lab44-public_subnet-b",
              "Project": "lab44",
              "Tier": "public"
            },
            "tags_all": {
              "Environment": "full",
              "Name": "lab44-public_subnet-b",
              "Project": "lab44",
              "Tier": "public"
            },
            "timeouts": null,
            "vpc_id": "vpc-06712d7d60f1d41bb"
          },
          "sensitive_attributes": [],
          "identity_schema_version": 0,
          "identity": {
            "account_id": "179151669003",
            "id": "subnet-094f7ec54493ae13a",
            "region": "eu-west-1"
          },
          "private": "eyJlMmJmYjczMC1lY2FhLTExZTYtOGY4OC0zNDM2M2JjN2M0YzAiOnsiY3JlYXRlIjo2MDAwMDAwMDAwMDAsImRlbGV0ZSI6MTIwMDAwMDAwMDAwMH0sInNjaGVtYV92ZXJzaW9uIjoiMSJ9",
          "dependencies": [
            "module.network.aws_vpc.main",
            "module.network.data.aws_availability_zones.available"
          ]
        }
      ]
    },
    {
      "module": "module.network",
      "mode": "managed",
      "type": "aws_vpc",
      "name": "main",
      "provider": "provider[\"registry.terraform.io/hashicorp/aws\"]",
      "instances": [
        {
          "schema_version": 1,
          "attributes": {
            "arn": "arn:aws:ec2:eu-west-1:179151669003:vpc/vpc-06712d7d60f1d41bb",
            "assign_generated_ipv6_cidr_block": false,
            "cidr_block": "10.30.0.0/16",
            "default_network_acl_id": "acl-0803f69bd14514bd6",
            "default_route_table_id": "rtb-04fffacd1ff2aba85",
            "default_security_group_id": "sg-07dfba96e7aa50ab5",
            "dhcp_options_id": "dopt-0d3e33a46ba198995",
            "enable_dns_hostnames": true,
            "enable_dns_support": true,
            "enable_network_address_usage_metrics": false,
            "id": "vpc-06712d7d60f1d41bb",
            "instance_tenancy": "default",
            "ipv4_ipam_pool_id": null,
            "ipv4_netmask_length": null,
            "ipv6_association_id": "",
            "ipv6_cidr_block": "",
            "ipv6_cidr_block_network_border_group": "",
            "ipv6_ipam_pool_id": "",
            "ipv6_netmask_length": 0,
            "main_route_table_id": "rtb-04fffacd1ff2aba85",
            "owner_id": "179151669003",
            "region": "eu-west-1",
            "tags": {
              "Environment": "full",
              "Name": "lab44-vpc",
              "Project": "lab44"
            },
            "tags_all": {
              "Environment": "full",
              "Name": "lab44-vpc",
              "Project": "lab44"
            }
          },
          "sensitive_attributes": [],
          "identity_schema_version": 0,
          "identity": {
            "account_id": "179151669003",
            "id": "vpc-06712d7d60f1d41bb",
            "region": "eu-west-1"
          },
          "private": "eyJzY2hlbWFfdmVyc2lvbiI6IjEifQ=="
        }
      ]
    }
  ],
  "check_results": null
}
